// !$*UTF8*$!
{
	archiveVersion = 1;
	classes = {
	};
	objectVersion = 46;
	objects = {

/* Begin PBXBuildFile section */
		8D11072D0486CEB800E47090 /* main.m in Sources */ = {isa = PBXBuildFile; fileRef = 29B97316FDCFA39411CA2CEA /* main.m */; settings = {ATTRIBUTES = (); }; };
		8D11072F0486CEB800E47090 /* Cocoa.framework in Frameworks */ = {isa = PBXBuildFile; fileRef = 1058C7A1FEA54F0111CA2CBB /* Cocoa.framework */; };
		F40F756013C266AE00197499 /* ShellCommandController.m in Sources */ = {isa = PBXBuildFile; fileRef = F40F755F13C266AE00197499 /* ShellCommandController.m */; };
		F425CA6A1ACC42AC001217F4 /* Accelerate.framework in Frameworks */ = {isa = PBXBuildFile; fileRef = F425CA681ACC4273001217F4 /* Accelerate.framework */; };
		F445EA7714FAB61900DCCDB3 /* Sparkle.framework in Frameworks */ = {isa = PBXBuildFile; fileRef = F445EA7614FAB61900DCCDB3 /* Sparkle.framework */; };
		F445EA7914FAB64C00DCCDB3 /* Sparkle.framework in CopyFiles */ = {isa = PBXBuildFile; fileRef = F445EA7614FAB61900DCCDB3 /* Sparkle.framework */; };
		F445EA7B14FAB93300DCCDB3 /* dsa_pub.pem in Resources */ = {isa = PBXBuildFile; fileRef = F445EA7A14FAB93300DCCDB3 /* dsa_pub.pem */; };
		F445EA9814FAEEBF00DCCDB3 /* UninstallPlatypus.sh in Resources */ = {isa = PBXBuildFile; fileRef = F445EA9714FAEEBF00DCCDB3 /* UninstallPlatypus.sh */; };
		F44E001D1229868100CAC9C2 /* PlatypusStatusMenuIcon.png in Resources */ = {isa = PBXBuildFile; fileRef = F44E001C1229868100CAC9C2 /* PlatypusStatusMenuIcon.png */; };
		F44E006D12298B7200CAC9C2 /* PlatypusCube.icns in Resources */ = {isa = PBXBuildFile; fileRef = F44E006812298B7200CAC9C2 /* PlatypusCube.icns */; };
		F44E006E12298B7200CAC9C2 /* PlatypusDefault.icns in Resources */ = {isa = PBXBuildFile; fileRef = F44E006912298B7200CAC9C2 /* PlatypusDefault.icns */; };
		F44E006F12298B7200CAC9C2 /* PlatypusInstaller.icns in Resources */ = {isa = PBXBuildFile; fileRef = F44E006A12298B7200CAC9C2 /* PlatypusInstaller.icns */; };
		F44E007012298B7200CAC9C2 /* PlatypusMenu.icns in Resources */ = {isa = PBXBuildFile; fileRef = F44E006B12298B7200CAC9C2 /* PlatypusMenu.icns */; };
		F44E007112298B7200CAC9C2 /* PlatypusPlate.icns in Resources */ = {isa = PBXBuildFile; fileRef = F44E006C12298B7200CAC9C2 /* PlatypusPlate.icns */; };
		F44EFF0612296F3700CAC9C2 /* NSColor+HexTools.m in Sources */ = {isa = PBXBuildFile; fileRef = F44EFF0512296F3700CAC9C2 /* NSColor+HexTools.m */; };
		F44EFF36122971BE00CAC9C2 /* NSColor+HexTools.m in Sources */ = {isa = PBXBuildFile; fileRef = F44EFF0512296F3700CAC9C2 /* NSColor+HexTools.m */; };
		F4538B2B1ABFEB14007E6ADF /* IconFamily.m in Sources */ = {isa = PBXBuildFile; fileRef = F4538B281ABFEB14007E6ADF /* IconFamily.m */; };
		F4538B2C1ABFEB14007E6ADF /* NSString+CarbonFSRefCreation.m in Sources */ = {isa = PBXBuildFile; fileRef = F4538B2A1ABFEB14007E6ADF /* NSString+CarbonFSRefCreation.m */; };
		F46EF85113C3F36900E4C0E4 /* Examples in Resources */ = {isa = PBXBuildFile; fileRef = F46EF84E13C3F36900E4C0E4 /* Examples */; };
		F471ED1E122DF096001F4761 /* PlatypusAppIcon.icns in Resources */ = {isa = PBXBuildFile; fileRef = F471ED1D122DF096001F4761 /* PlatypusAppIcon.icns */; };
		F471ED22122DF2D6001F4761 /* Credits.html in Resources */ = {isa = PBXBuildFile; fileRef = F471ED21122DF2D6001F4761 /* Credits.html */; };
		F48002CB121AF042003FB5B3 /* images in Resources */ = {isa = PBXBuildFile; fileRef = F48002BA121AF042003FB5B3 /* images */; };
		F480FF7C122B230A00CC51F6 /* PlatypusIconView.m in Sources */ = {isa = PBXBuildFile; fileRef = F480FF7B122B230A00CC51F6 /* PlatypusIconView.m */; };
		F48294A2122C129400094A1B /* EditorController.m in Sources */ = {isa = PBXBuildFile; fileRef = F482949F122C129400094A1B /* EditorController.m */; };
		F48294A3122C129400094A1B /* SyntaxCheckerController.m in Sources */ = {isa = PBXBuildFile; fileRef = F48294A1122C129400094A1B /* SyntaxCheckerController.m */; };
		F4871B2B1789D19F00DE54F3 /* STPathTextField.m in Sources */ = {isa = PBXBuildFile; fileRef = F4871B2A1789D19F00DE54F3 /* STPathTextField.m */; };
		F4871B2E1789D1B400DE54F3 /* STPrivilegedTask.m in Sources */ = {isa = PBXBuildFile; fileRef = F4871B2D1789D1B400DE54F3 /* STPrivilegedTask.m */; };
		F4871B2F1789D1B400DE54F3 /* STPrivilegedTask.m in Sources */ = {isa = PBXBuildFile; fileRef = F4871B2D1789D1B400DE54F3 /* STPrivilegedTask.m */; };
		F4876F46141D4A3900A428CC /* MainMenu.xib in Resources */ = {isa = PBXBuildFile; fileRef = F4876F45141D4A3900A428CC /* MainMenu.xib */; };
		F4876F47141D4A3900A428CC /* MainMenu.xib in Resources */ = {isa = PBXBuildFile; fileRef = F4876F45141D4A3900A428CC /* MainMenu.xib */; };
		F48B1EDC17935AF6007DA173 /* PlatypusUtility.m in Sources */ = {isa = PBXBuildFile; fileRef = F4B5DE4014919FF500C43901 /* PlatypusUtility.m */; };
		F48B1EDF17935BBC007DA173 /* ScriptAnalyser.m in Sources */ = {isa = PBXBuildFile; fileRef = F48B1EDE17935BBC007DA173 /* ScriptAnalyser.m */; };
		F48B1EE017935BBC007DA173 /* ScriptAnalyser.m in Sources */ = {isa = PBXBuildFile; fileRef = F48B1EDE17935BBC007DA173 /* ScriptAnalyser.m */; };
		F48B7B8111F7666600351575 /* Security.framework in Frameworks */ = {isa = PBXBuildFile; fileRef = F4E1F47C11F756D9007EE2E3 /* Security.framework */; };
		F48B7B8511F7667B00351575 /* Cocoa.framework in Frameworks */ = {isa = PBXBuildFile; fileRef = 1058C7A1FEA54F0111CA2CBB /* Cocoa.framework */; };
		F48B7B9511F766E600351575 /* main.m in Sources */ = {isa = PBXBuildFile; fileRef = F48B7B9011F766E600351575 /* main.m */; };
		F48B7B9611F766E600351575 /* ScriptExecController.m in Sources */ = {isa = PBXBuildFile; fileRef = F48B7B9211F766E600351575 /* ScriptExecController.m */; };
		F48B7BA211F7672700351575 /* AppSettings.plist in Resources */ = {isa = PBXBuildFile; fileRef = F48B7B9F11F7672700351575 /* AppSettings.plist */; };
		F48B7BA411F7672700351575 /* script in Resources */ = {isa = PBXBuildFile; fileRef = F48B7BA111F7672700351575 /* script */; };
		F48B7BAB11F7675900351575 /* WebKit.framework in Frameworks */ = {isa = PBXBuildFile; fileRef = F48B7BAA11F7675900351575 /* WebKit.framework */; };
		F4A36B9D14F2C8A70028A227 /* Csh.png in Resources */ = {isa = PBXBuildFile; fileRef = F4A36B9B14F2C8A70028A227 /* Csh.png */; };
		F4A36B9E14F2C8A70028A227 /* Ksh.png in Resources */ = {isa = PBXBuildFile; fileRef = F4A36B9C14F2C8A70028A227 /* Ksh.png */; };
		F4AF785D14D1E5F200544C1B /* STDragWebView.m in Sources */ = {isa = PBXBuildFile; fileRef = F4AF785C14D1E5F200544C1B /* STDragWebView.m */; };
		F4B5DE4214919FF500C43901 /* PlatypusUtility.m in Sources */ = {isa = PBXBuildFile; fileRef = F4B5DE4014919FF500C43901 /* PlatypusUtility.m */; };
		F4BABD76178A47E5003BA0FF /* platypus_clt in Resources */ = {isa = PBXBuildFile; fileRef = F4BABD75178A47E5003BA0FF /* platypus_clt */; };
		F4BCAAED178DEDC2004ADD86 /* ScriptExec in Resources */ = {isa = PBXBuildFile; fileRef = F4BCAAEC178DEDC2004ADD86 /* ScriptExec */; };
		F4BDABD70FD9A7CC00328FDD /* PlatypusScriptFile.icns in Resources */ = {isa = PBXBuildFile; fileRef = F4BDABD50FD9A7CC00328FDD /* PlatypusScriptFile.icns */; };
		F4BDABD80FD9A7CC00328FDD /* PlatypusProfile.icns in Resources */ = {isa = PBXBuildFile; fileRef = F4BDABD60FD9A7CC00328FDD /* PlatypusProfile.icns */; };
		F4C755C611F9AF8F006FB713 /* platypus.1 in Resources */ = {isa = PBXBuildFile; fileRef = F4FE747E11F793BA005FC23A /* platypus.1 */; };
		F4C8B45A124C450C00397392 /* Platypus.xib in Resources */ = {isa = PBXBuildFile; fileRef = F4C8B455124C450C00397392 /* Platypus.xib */; };
		F4C8B45C124C450C00397392 /* Editor.xib in Resources */ = {isa = PBXBuildFile; fileRef = F4C8B457124C450C00397392 /* Editor.xib */; };
		F4C8B45D124C450C00397392 /* ShellCommandWindow.xib in Resources */ = {isa = PBXBuildFile; fileRef = F4C8B458124C450C00397392 /* ShellCommandWindow.xib */; };
		F4C8B45E124C450C00397392 /* SyntaxChecker.xib in Resources */ = {isa = PBXBuildFile; fileRef = F4C8B459124C450C00397392 /* SyntaxChecker.xib */; };
		F4D656A614C4BFD6003552F9 /* Add.png in Resources */ = {isa = PBXBuildFile; fileRef = F4D6568E14C4BFD6003552F9 /* Add.png */; };
		F4D656A714C4BFD6003552F9 /* Add_Pressed.png in Resources */ = {isa = PBXBuildFile; fileRef = F4D6568F14C4BFD6003552F9 /* Add_Pressed.png */; };
		F4D656A814C4BFD6003552F9 /* Clear.png in Resources */ = {isa = PBXBuildFile; fileRef = F4D6569014C4BFD6003552F9 /* Clear.png */; };
		F4D656A914C4BFD6003552F9 /* Clear_Pressed.png in Resources */ = {isa = PBXBuildFile; fileRef = F4D6569114C4BFD6003552F9 /* Clear_Pressed.png */; };
		F4D656AC14C4BFD6003552F9 /* Remove.png in Resources */ = {isa = PBXBuildFile; fileRef = F4D6569414C4BFD6003552F9 /* Remove.png */; };
		F4D656AD14C4BFD6003552F9 /* Remove_Pressed.png in Resources */ = {isa = PBXBuildFile; fileRef = F4D6569514C4BFD6003552F9 /* Remove_Pressed.png */; };
		F4D656B014C4BFD6003552F9 /* AppleScript.png in Resources */ = {isa = PBXBuildFile; fileRef = F4D6569914C4BFD6003552F9 /* AppleScript.png */; };
		F4D656B114C4BFD6003552F9 /* Bash.png in Resources */ = {isa = PBXBuildFile; fileRef = F4D6569A14C4BFD6003552F9 /* Bash.png */; };
		F4D656B214C4BFD6003552F9 /* Env.png in Resources */ = {isa = PBXBuildFile; fileRef = F4D6569B14C4BFD6003552F9 /* Env.png */; };
		F4D656B314C4BFD6003552F9 /* Expect.png in Resources */ = {isa = PBXBuildFile; fileRef = F4D6569C14C4BFD6003552F9 /* Expect.png */; };
		F4D656B414C4BFD6003552F9 /* Perl.png in Resources */ = {isa = PBXBuildFile; fileRef = F4D6569D14C4BFD6003552F9 /* Perl.png */; };
		F4D656B614C4BFD6003552F9 /* PHP.png in Resources */ = {isa = PBXBuildFile; fileRef = F4D6569F14C4BFD6003552F9 /* PHP.png */; };
		F4D656B714C4BFD6003552F9 /* Python.png in Resources */ = {isa = PBXBuildFile; fileRef = F4D656A014C4BFD6003552F9 /* Python.png */; };
		F4D656B814C4BFD6003552F9 /* Ruby.png in Resources */ = {isa = PBXBuildFile; fileRef = F4D656A114C4BFD6003552F9 /* Ruby.png */; };
		F4D656B914C4BFD6003552F9 /* Shell.png in Resources */ = {isa = PBXBuildFile; fileRef = F4D656A214C4BFD6003552F9 /* Shell.png */; };
		F4D656BA14C4BFD6003552F9 /* Tcl.png in Resources */ = {isa = PBXBuildFile; fileRef = F4D656A314C4BFD6003552F9 /* Tcl.png */; };
		F4D656BB14C4BFD6003552F9 /* Tcsh.png in Resources */ = {isa = PBXBuildFile; fileRef = F4D656A414C4BFD6003552F9 /* Tcsh.png */; };
		F4D656BC14C4BFD6003552F9 /* Zsh.png in Resources */ = {isa = PBXBuildFile; fileRef = F4D656A514C4BFD6003552F9 /* Zsh.png */; };
		F4DC074A11F629930043764E /* InstallCommandLineTool.sh in Resources */ = {isa = PBXBuildFile; fileRef = F4DC074711F629930043764E /* InstallCommandLineTool.sh */; };
		F4DC074C11F629930043764E /* UninstallCommandLineTool.sh in Resources */ = {isa = PBXBuildFile; fileRef = F4DC074911F629930043764E /* UninstallCommandLineTool.sh */; };
		F4DC075211F629A40043764E /* PlatypusDocumentation.html in Resources */ = {isa = PBXBuildFile; fileRef = F4DC074F11F629A40043764E /* PlatypusDocumentation.html */; };
		F4DC075311F629A40043764E /* Readme.html in Resources */ = {isa = PBXBuildFile; fileRef = F4DC075011F629A40043764E /* Readme.html */; };
		F4E1F47D11F756D9007EE2E3 /* Security.framework in Frameworks */ = {isa = PBXBuildFile; fileRef = F4E1F47C11F756D9007EE2E3 /* Security.framework */; };
		F4E1F71111F75A7F007EE2E3 /* Cocoa.framework in Frameworks */ = {isa = PBXBuildFile; fileRef = 1058C7A1FEA54F0111CA2CBB /* Cocoa.framework */; };
		F4ED1E470CEC17920006636F /* Carbon.framework in Frameworks */ = {isa = PBXBuildFile; fileRef = F4ED1E460CEC17920006636F /* Carbon.framework */; };
		F4FB337714FBDE2200BAECEB /* platypus.man.html in Resources */ = {isa = PBXBuildFile; fileRef = F4FB337614FBDE2200BAECEB /* platypus.man.html */; };
		F4FB338114FBFC7C00BAECEB /* License.html in Resources */ = {isa = PBXBuildFile; fileRef = F4FB338014FBFC7C00BAECEB /* License.html */; };
		F4FE735F11F7925E005FC23A /* DropSettingsController.m in Sources */ = {isa = PBXBuildFile; fileRef = F4FE734711F7925E005FC23A /* DropSettingsController.m */; };
		F4FE736111F7925E005FC23A /* IconController.m in Sources */ = {isa = PBXBuildFile; fileRef = F4FE734911F7925E005FC23A /* IconController.m */; };
		F4FE736311F7925E005FC23A /* ArgsController.m in Sources */ = {isa = PBXBuildFile; fileRef = F4FE734B11F7925E005FC23A /* ArgsController.m */; };
		F4FE736511F7925E005FC23A /* PlatypusController.m in Sources */ = {isa = PBXBuildFile; fileRef = F4FE734D11F7925E005FC23A /* PlatypusController.m */; };
		F4FE736711F7925E005FC23A /* PrefsController.m in Sources */ = {isa = PBXBuildFile; fileRef = F4FE734F11F7925E005FC23A /* PrefsController.m */; };
		F4FE736911F7925E005FC23A /* ProfilesController.m in Sources */ = {isa = PBXBuildFile; fileRef = F4FE735111F7925E005FC23A /* ProfilesController.m */; };
		F4FE736B11F7925E005FC23A /* StatusItemSettingsController.m in Sources */ = {isa = PBXBuildFile; fileRef = F4FE735311F7925E005FC23A /* StatusItemSettingsController.m */; };
		F4FE736D11F7925E005FC23A /* BundledFilesController.m in Sources */ = {isa = PBXBuildFile; fileRef = F4FE735511F7925E005FC23A /* BundledFilesController.m */; };
		F4FE736F11F7925E005FC23A /* SuffixList.m in Sources */ = {isa = PBXBuildFile; fileRef = F4FE735711F7925E005FC23A /* SuffixList.m */; };
		F4FE737111F7925E005FC23A /* TextSettingsController.m in Sources */ = {isa = PBXBuildFile; fileRef = F4FE735911F7925E005FC23A /* TextSettingsController.m */; };
		F4FE738411F7929E005FC23A /* UKFileWatcher.m in Sources */ = {isa = PBXBuildFile; fileRef = F4FE737C11F7929E005FC23A /* UKFileWatcher.m */; };
		F4FE738611F7929E005FC23A /* UKFNSubscribeFileWatcher.m in Sources */ = {isa = PBXBuildFile; fileRef = F4FE737E11F7929E005FC23A /* UKFNSubscribeFileWatcher.m */; };
		F4FE738811F7929E005FC23A /* UKKQueue.m in Sources */ = {isa = PBXBuildFile; fileRef = F4FE738011F7929E005FC23A /* UKKQueue.m */; };
		F4FE738A11F7929E005FC23A /* UKMainThreadProxy.m in Sources */ = {isa = PBXBuildFile; fileRef = F4FE738211F7929E005FC23A /* UKMainThreadProxy.m */; };
		F4FE739911F792D5005FC23A /* PlatypusAppSpec.m in Sources */ = {isa = PBXBuildFile; fileRef = F4FE739711F792D5005FC23A /* PlatypusAppSpec.m */; };
		F4FE739A11F792D5005FC23A /* PlatypusAppSpec.m in Sources */ = {isa = PBXBuildFile; fileRef = F4FE739711F792D5005FC23A /* PlatypusAppSpec.m */; };
		F4FE747B11F79399005FC23A /* platypus_command_line_tool.m in Sources */ = {isa = PBXBuildFile; fileRef = F4FE747A11F79399005FC23A /* platypus_command_line_tool.m */; };
/* End PBXBuildFile section */

/* Begin PBXCopyFilesBuildPhase section */
		F445EA7814FAB63A00DCCDB3 /* CopyFiles */ = {
			isa = PBXCopyFilesBuildPhase;
			buildActionMask = 2147483647;
			dstPath = "";
			dstSubfolderSpec = 10;
			files = (
				F445EA7914FAB64C00DCCDB3 /* Sparkle.framework in CopyFiles */,
			);
			runOnlyForDeploymentPostprocessing = 0;
		};
/* End PBXCopyFilesBuildPhase section */

/* Begin PBXFileReference section */
		1058C7A1FEA54F0111CA2CBB /* Cocoa.framework */ = {isa = PBXFileReference; lastKnownFileType = wrapper.framework; name = Cocoa.framework; path = /System/Library/Frameworks/Cocoa.framework; sourceTree = "<absolute>"; };
		29B97316FDCFA39411CA2CEA /* main.m */ = {isa = PBXFileReference; fileEncoding = 30; lastKnownFileType = sourcecode.c.objc; lineEnding = 0; name = main.m; path = PlatypusApplication/main.m; sourceTree = "<group>"; xcLanguageSpecificationIdentifier = xcode.lang.objc; };
		8D1107320486CEB800E47090 /* Platypus.app */ = {isa = PBXFileReference; explicitFileType = wrapper.application; includeInIndex = 0; path = Platypus.app; sourceTree = BUILT_PRODUCTS_DIR; };
		F40F755E13C266AE00197499 /* ShellCommandController.h */ = {isa = PBXFileReference; fileEncoding = 4; lastKnownFileType = sourcecode.c.h; name = ShellCommandController.h; path = PlatypusApplication/ShellCommandController.h; sourceTree = "<group>"; };
		F40F755F13C266AE00197499 /* ShellCommandController.m */ = {isa = PBXFileReference; fileEncoding = 4; lastKnownFileType = sourcecode.c.objc; name = ShellCommandController.m; path = PlatypusApplication/ShellCommandController.m; sourceTree = "<group>"; };
		F4185E5811FC57AB0027C8D7 /* Info.plist */ = {isa = PBXFileReference; fileEncoding = 4; lastKnownFileType = text.plist.xml; name = Info.plist; path = PlatypusApplication/Info.plist; sourceTree = "<group>"; };
		F425CA681ACC4273001217F4 /* Accelerate.framework */ = {isa = PBXFileReference; lastKnownFileType = wrapper.framework; name = Accelerate.framework; path = ../../System/Library/Frameworks/Accelerate.framework; sourceTree = "<group>"; };
		F445EA7614FAB61900DCCDB3 /* Sparkle.framework */ = {isa = PBXFileReference; lastKnownFileType = wrapper.framework; name = Sparkle.framework; path = Shared/Frameworks/Sparkle.framework; sourceTree = "<group>"; };
		F445EA7A14FAB93300DCCDB3 /* dsa_pub.pem */ = {isa = PBXFileReference; fileEncoding = 4; lastKnownFileType = text; name = dsa_pub.pem; path = Sparkle/dsa_pub.pem; sourceTree = "<group>"; };
		F445EA7D14FABE6500DCCDB3 /* dsa_priv.pem */ = {isa = PBXFileReference; lastKnownFileType = text; path = dsa_priv.pem; sourceTree = "<group>"; };
		F445EA7E14FABE6500DCCDB3 /* dsa_pub.pem */ = {isa = PBXFileReference; lastKnownFileType = text; path = dsa_pub.pem; sourceTree = "<group>"; };
		F445EA7F14FABE6500DCCDB3 /* generate_keys.rb */ = {isa = PBXFileReference; lastKnownFileType = text.script.ruby; path = generate_keys.rb; sourceTree = "<group>"; };
		F445EA8014FABE6500DCCDB3 /* PlatypusAppcast.xml */ = {isa = PBXFileReference; lastKnownFileType = text.xml; path = PlatypusAppcast.xml; sourceTree = "<group>"; };
		F445EA8214FABE6500DCCDB3 /* sign_update.rb */ = {isa = PBXFileReference; lastKnownFileType = text.script.ruby; path = sign_update.rb; sourceTree = "<group>"; };
		F445EA8314FABE6500DCCDB3 /* update_appcast.sh */ = {isa = PBXFileReference; lastKnownFileType = text.script.sh; path = update_appcast.sh; sourceTree = "<group>"; };
		F445EA9714FAEEBF00DCCDB3 /* UninstallPlatypus.sh */ = {isa = PBXFileReference; fileEncoding = 4; lastKnownFileType = text.script.sh; path = UninstallPlatypus.sh; sourceTree = "<group>"; };
		F4462E3C14FBDA4200E13563 /* cat2html */ = {isa = PBXFileReference; lastKnownFileType = "compiled.mach-o.executable"; name = cat2html; path = CommandLineTool/cat2html; sourceTree = "<group>"; };
		F4462E3E14FBDA4D00E13563 /* make_man_html.sh */ = {isa = PBXFileReference; lastKnownFileType = text.script.sh; name = make_man_html.sh; path = CommandLineTool/make_man_html.sh; sourceTree = "<group>"; };
		F4462E3F14FBDA4D00E13563 /* make_man_pdf.sh */ = {isa = PBXFileReference; lastKnownFileType = text.script.sh; name = make_man_pdf.sh; path = CommandLineTool/make_man_pdf.sh; sourceTree = "<group>"; };
		F44E001C1229868100CAC9C2 /* PlatypusStatusMenuIcon.png */ = {isa = PBXFileReference; lastKnownFileType = image.png; path = PlatypusStatusMenuIcon.png; sourceTree = "<group>"; };
		F44E006812298B7200CAC9C2 /* PlatypusCube.icns */ = {isa = PBXFileReference; lastKnownFileType = image.icns; path = PlatypusCube.icns; sourceTree = "<group>"; };
		F44E006912298B7200CAC9C2 /* PlatypusDefault.icns */ = {isa = PBXFileReference; lastKnownFileType = image.icns; path = PlatypusDefault.icns; sourceTree = "<group>"; };
		F44E006A12298B7200CAC9C2 /* PlatypusInstaller.icns */ = {isa = PBXFileReference; lastKnownFileType = image.icns; path = PlatypusInstaller.icns; sourceTree = "<group>"; };
		F44E006B12298B7200CAC9C2 /* PlatypusMenu.icns */ = {isa = PBXFileReference; lastKnownFileType = image.icns; path = PlatypusMenu.icns; sourceTree = "<group>"; };
		F44E006C12298B7200CAC9C2 /* PlatypusPlate.icns */ = {isa = PBXFileReference; lastKnownFileType = image.icns; path = PlatypusPlate.icns; sourceTree = "<group>"; };
		F44EFF0412296F3700CAC9C2 /* NSColor+HexTools.h */ = {isa = PBXFileReference; fileEncoding = 4; lastKnownFileType = sourcecode.c.h; name = "NSColor+HexTools.h"; path = "Shared/NSColor+HexTools.h"; sourceTree = "<group>"; };
		F44EFF0512296F3700CAC9C2 /* NSColor+HexTools.m */ = {isa = PBXFileReference; fileEncoding = 4; lastKnownFileType = sourcecode.c.objc; name = "NSColor+HexTools.m"; path = "Shared/NSColor+HexTools.m"; sourceTree = "<group>"; };
		F4538B271ABFEB14007E6ADF /* IconFamily.h */ = {isa = PBXFileReference; fileEncoding = 4; lastKnownFileType = sourcecode.c.h; path = IconFamily.h; sourceTree = "<group>"; };
		F4538B281ABFEB14007E6ADF /* IconFamily.m */ = {isa = PBXFileReference; fileEncoding = 4; lastKnownFileType = sourcecode.c.objc; path = IconFamily.m; sourceTree = "<group>"; };
		F4538B291ABFEB14007E6ADF /* NSString+CarbonFSRefCreation.h */ = {isa = PBXFileReference; fileEncoding = 4; lastKnownFileType = sourcecode.c.h; path = "NSString+CarbonFSRefCreation.h"; sourceTree = "<group>"; };
		F4538B2A1ABFEB14007E6ADF /* NSString+CarbonFSRefCreation.m */ = {isa = PBXFileReference; fileEncoding = 4; lastKnownFileType = sourcecode.c.objc; path = "NSString+CarbonFSRefCreation.m"; sourceTree = "<group>"; };
		F46628A714F441DE0053C601 /* AppBuildBoth.sh */ = {isa = PBXFileReference; lastKnownFileType = text.script.sh; path = AppBuildBoth.sh; sourceTree = "<group>"; };
		F46628A814F441DE0053C601 /* AppPackageBuildScript.sh */ = {isa = PBXFileReference; lastKnownFileType = text.script.sh; path = AppPackageBuildScript.sh; sourceTree = "<group>"; };
		F46628A914F441DE0053C601 /* AppSourceBuildScript.sh */ = {isa = PBXFileReference; lastKnownFileType = text.script.sh; path = AppSourceBuildScript.sh; sourceTree = "<group>"; };
		F46628AA14F441DE0053C601 /* trim.sh */ = {isa = PBXFileReference; lastKnownFileType = text.script.sh; path = trim.sh; sourceTree = "<group>"; };
		F46EF84E13C3F36900E4C0E4 /* Examples */ = {isa = PBXFileReference; lastKnownFileType = folder; path = Examples; sourceTree = "<group>"; };
		F471ED1D122DF096001F4761 /* PlatypusAppIcon.icns */ = {isa = PBXFileReference; lastKnownFileType = image.icns; path = PlatypusAppIcon.icns; sourceTree = "<group>"; };
		F471ED21122DF2D6001F4761 /* Credits.html */ = {isa = PBXFileReference; fileEncoding = 4; lastKnownFileType = text.html.documentation; path = Credits.html; sourceTree = "<group>"; };
		F48002BA121AF042003FB5B3 /* images */ = {isa = PBXFileReference; lastKnownFileType = folder; path = images; sourceTree = "<group>"; };
		F480FF7A122B230A00CC51F6 /* PlatypusIconView.h */ = {isa = PBXFileReference; fileEncoding = 4; lastKnownFileType = sourcecode.c.h; name = PlatypusIconView.h; path = PlatypusApplication/PlatypusIconView.h; sourceTree = "<group>"; };
		F480FF7B122B230A00CC51F6 /* PlatypusIconView.m */ = {isa = PBXFileReference; fileEncoding = 4; lastKnownFileType = sourcecode.c.objc; name = PlatypusIconView.m; path = PlatypusApplication/PlatypusIconView.m; sourceTree = "<group>"; };
		F482949E122C129400094A1B /* EditorController.h */ = {isa = PBXFileReference; fileEncoding = 4; lastKnownFileType = sourcecode.c.h; lineEnding = 0; name = EditorController.h; path = PlatypusApplication/EditorController.h; sourceTree = "<group>"; xcLanguageSpecificationIdentifier = xcode.lang.objcpp; };
		F482949F122C129400094A1B /* EditorController.m */ = {isa = PBXFileReference; fileEncoding = 4; lastKnownFileType = sourcecode.c.objc; lineEnding = 0; name = EditorController.m; path = PlatypusApplication/EditorController.m; sourceTree = "<group>"; xcLanguageSpecificationIdentifier = xcode.lang.objc; };
		F48294A0122C129400094A1B /* SyntaxCheckerController.h */ = {isa = PBXFileReference; fileEncoding = 4; lastKnownFileType = sourcecode.c.h; name = SyntaxCheckerController.h; path = PlatypusApplication/SyntaxCheckerController.h; sourceTree = "<group>"; };
		F48294A1122C129400094A1B /* SyntaxCheckerController.m */ = {isa = PBXFileReference; fileEncoding = 4; lastKnownFileType = sourcecode.c.objc; name = SyntaxCheckerController.m; path = PlatypusApplication/SyntaxCheckerController.m; sourceTree = "<group>"; };
		F4871B291789D19F00DE54F3 /* STPathTextField.h */ = {isa = PBXFileReference; fileEncoding = 4; lastKnownFileType = sourcecode.c.h; name = STPathTextField.h; path = Shared/STPathTextField/STPathTextField.h; sourceTree = "<group>"; };
		F4871B2A1789D19F00DE54F3 /* STPathTextField.m */ = {isa = PBXFileReference; fileEncoding = 4; lastKnownFileType = sourcecode.c.objc; name = STPathTextField.m; path = Shared/STPathTextField/STPathTextField.m; sourceTree = "<group>"; };
		F4871B2C1789D1B400DE54F3 /* STPrivilegedTask.h */ = {isa = PBXFileReference; fileEncoding = 4; lastKnownFileType = sourcecode.c.h; name = STPrivilegedTask.h; path = Shared/STPrivilegedTask/STPrivilegedTask.h; sourceTree = "<group>"; };
		F4871B2D1789D1B400DE54F3 /* STPrivilegedTask.m */ = {isa = PBXFileReference; fileEncoding = 4; lastKnownFileType = sourcecode.c.objc; name = STPrivilegedTask.m; path = Shared/STPrivilegedTask/STPrivilegedTask.m; sourceTree = "<group>"; };
		F4871B32178A117600DE54F3 /* update_docs.sh */ = {isa = PBXFileReference; lastKnownFileType = text.script.sh; path = update_docs.sh; sourceTree = "<group>"; };
		F4876F45141D4A3900A428CC /* MainMenu.xib */ = {isa = PBXFileReference; fileEncoding = 4; lastKnownFileType = file.xib; name = MainMenu.xib; path = ScriptExec/MainMenu.xib; sourceTree = "<group>"; };
		F48B1EDD17935BBC007DA173 /* ScriptAnalyser.h */ = {isa = PBXFileReference; fileEncoding = 4; lastKnownFileType = sourcecode.c.h; name = ScriptAnalyser.h; path = Shared/ScriptAnalyser.h; sourceTree = "<group>"; };
		F48B1EDE17935BBC007DA173 /* ScriptAnalyser.m */ = {isa = PBXFileReference; fileEncoding = 4; lastKnownFileType = sourcecode.c.objc; name = ScriptAnalyser.m; path = Shared/ScriptAnalyser.m; sourceTree = "<group>"; };
		F48B774111F7661C00351575 /* ScriptExec.app */ = {isa = PBXFileReference; explicitFileType = wrapper.application; includeInIndex = 0; path = ScriptExec.app; sourceTree = BUILT_PRODUCTS_DIR; };
		F48B7B9011F766E600351575 /* main.m */ = {isa = PBXFileReference; fileEncoding = 4; lastKnownFileType = sourcecode.c.objc; lineEnding = 0; name = main.m; path = ScriptExec/main.m; sourceTree = "<group>"; xcLanguageSpecificationIdentifier = xcode.lang.objc; };
		F48B7B9111F766E600351575 /* ScriptExecController.h */ = {isa = PBXFileReference; fileEncoding = 4; lastKnownFileType = sourcecode.c.h; name = ScriptExecController.h; path = ScriptExec/ScriptExecController.h; sourceTree = "<group>"; };
		F48B7B9211F766E600351575 /* ScriptExecController.m */ = {isa = PBXFileReference; fileEncoding = 4; lastKnownFileType = sourcecode.c.objc; name = ScriptExecController.m; path = ScriptExec/ScriptExecController.m; sourceTree = "<group>"; };
		F48B7B9F11F7672700351575 /* AppSettings.plist */ = {isa = PBXFileReference; fileEncoding = 4; lastKnownFileType = text.plist.xml; name = AppSettings.plist; path = ScriptExec/AppSettings.plist; sourceTree = "<group>"; };
		F48B7BA111F7672700351575 /* script */ = {isa = PBXFileReference; fileEncoding = 4; lastKnownFileType = text.script.perl; name = script; path = ScriptExec/script; sourceTree = "<group>"; };
		F48B7BAA11F7675900351575 /* WebKit.framework */ = {isa = PBXFileReference; lastKnownFileType = wrapper.framework; name = WebKit.framework; path = /System/Library/Frameworks/WebKit.framework; sourceTree = "<absolute>"; };
		F48B7C7B11F7691600351575 /* Info.plist */ = {isa = PBXFileReference; fileEncoding = 4; lastKnownFileType = text.plist.xml; name = Info.plist; path = ScriptExec/Info.plist; sourceTree = "<group>"; };
		F4A36B9B14F2C8A70028A227 /* Csh.png */ = {isa = PBXFileReference; lastKnownFileType = image.png; path = Csh.png; sourceTree = "<group>"; };
		F4A36B9C14F2C8A70028A227 /* Ksh.png */ = {isa = PBXFileReference; lastKnownFileType = image.png; path = Ksh.png; sourceTree = "<group>"; };
		F4A4338B0E04C962000523E7 /* Common.h */ = {isa = PBXFileReference; fileEncoding = 4; lastKnownFileType = sourcecode.c.h; lineEnding = 0; path = Common.h; sourceTree = "<group>"; xcLanguageSpecificationIdentifier = xcode.lang.objcpp; };
		F4AF785B14D1E5F200544C1B /* STDragWebView.h */ = {isa = PBXFileReference; fileEncoding = 4; lastKnownFileType = sourcecode.c.h; name = STDragWebView.h; path = Shared/STDragWebView.h; sourceTree = "<group>"; };
		F4AF785C14D1E5F200544C1B /* STDragWebView.m */ = {isa = PBXFileReference; fileEncoding = 4; lastKnownFileType = sourcecode.c.objc; name = STDragWebView.m; path = Shared/STDragWebView.m; sourceTree = "<group>"; };
		F4B5DE3F14919FF500C43901 /* PlatypusUtility.h */ = {isa = PBXFileReference; fileEncoding = 4; lastKnownFileType = sourcecode.c.h; name = PlatypusUtility.h; path = Shared/PlatypusUtility.h; sourceTree = "<group>"; };
		F4B5DE4014919FF500C43901 /* PlatypusUtility.m */ = {isa = PBXFileReference; fileEncoding = 4; lastKnownFileType = sourcecode.c.objc; name = PlatypusUtility.m; path = Shared/PlatypusUtility.m; sourceTree = "<group>"; };
		F4BABD75178A47E5003BA0FF /* platypus_clt */ = {isa = PBXFileReference; lastKnownFileType = "compiled.mach-o.executable"; name = platypus_clt; path = BuildData/Platypus/Build/Products/Development/platypus_clt; sourceTree = "<group>"; };
		F4BCAAEC178DEDC2004ADD86 /* ScriptExec */ = {isa = PBXFileReference; lastKnownFileType = "compiled.mach-o.executable"; name = ScriptExec; path = BuildData/Platypus/Build/Products/Development/ScriptExec.app/Contents/MacOS/ScriptExec; sourceTree = "<group>"; };
		F4BDABD50FD9A7CC00328FDD /* PlatypusScriptFile.icns */ = {isa = PBXFileReference; lastKnownFileType = image.icns; path = PlatypusScriptFile.icns; sourceTree = "<group>"; };
		F4BDABD60FD9A7CC00328FDD /* PlatypusProfile.icns */ = {isa = PBXFileReference; lastKnownFileType = image.icns; path = PlatypusProfile.icns; sourceTree = "<group>"; };
		F4C8B455124C450C00397392 /* Platypus.xib */ = {isa = PBXFileReference; lastKnownFileType = file.xib; name = Platypus.xib; path = PlatypusApplication/Platypus.xib; sourceTree = "<group>"; };
		F4C8B457124C450C00397392 /* Editor.xib */ = {isa = PBXFileReference; lastKnownFileType = file.xib; name = Editor.xib; path = PlatypusApplication/Editor.xib; sourceTree = "<group>"; };
		F4C8B458124C450C00397392 /* ShellCommandWindow.xib */ = {isa = PBXFileReference; lastKnownFileType = file.xib; name = ShellCommandWindow.xib; path = PlatypusApplication/ShellCommandWindow.xib; sourceTree = "<group>"; };
		F4C8B459124C450C00397392 /* SyntaxChecker.xib */ = {isa = PBXFileReference; lastKnownFileType = file.xib; name = SyntaxChecker.xib; path = PlatypusApplication/SyntaxChecker.xib; sourceTree = "<group>"; };
		F4D6568E14C4BFD6003552F9 /* Add.png */ = {isa = PBXFileReference; lastKnownFileType = image.png; path = Add.png; sourceTree = "<group>"; };
		F4D6568F14C4BFD6003552F9 /* Add_Pressed.png */ = {isa = PBXFileReference; lastKnownFileType = image.png; path = Add_Pressed.png; sourceTree = "<group>"; };
		F4D6569014C4BFD6003552F9 /* Clear.png */ = {isa = PBXFileReference; lastKnownFileType = image.png; path = Clear.png; sourceTree = "<group>"; };
		F4D6569114C4BFD6003552F9 /* Clear_Pressed.png */ = {isa = PBXFileReference; lastKnownFileType = image.png; path = Clear_Pressed.png; sourceTree = "<group>"; };
		F4D6569414C4BFD6003552F9 /* Remove.png */ = {isa = PBXFileReference; lastKnownFileType = image.png; path = Remove.png; sourceTree = "<group>"; };
		F4D6569514C4BFD6003552F9 /* Remove_Pressed.png */ = {isa = PBXFileReference; lastKnownFileType = image.png; path = Remove_Pressed.png; sourceTree = "<group>"; };
		F4D6569914C4BFD6003552F9 /* AppleScript.png */ = {isa = PBXFileReference; lastKnownFileType = image.png; path = AppleScript.png; sourceTree = "<group>"; };
		F4D6569A14C4BFD6003552F9 /* Bash.png */ = {isa = PBXFileReference; lastKnownFileType = image.png; path = Bash.png; sourceTree = "<group>"; };
		F4D6569B14C4BFD6003552F9 /* Env.png */ = {isa = PBXFileReference; lastKnownFileType = image.png; path = Env.png; sourceTree = "<group>"; };
		F4D6569C14C4BFD6003552F9 /* Expect.png */ = {isa = PBXFileReference; lastKnownFileType = image.png; path = Expect.png; sourceTree = "<group>"; };
		F4D6569D14C4BFD6003552F9 /* Perl.png */ = {isa = PBXFileReference; lastKnownFileType = image.png; path = Perl.png; sourceTree = "<group>"; };
		F4D6569F14C4BFD6003552F9 /* PHP.png */ = {isa = PBXFileReference; lastKnownFileType = image.png; path = PHP.png; sourceTree = "<group>"; };
		F4D656A014C4BFD6003552F9 /* Python.png */ = {isa = PBXFileReference; lastKnownFileType = image.png; path = Python.png; sourceTree = "<group>"; };
		F4D656A114C4BFD6003552F9 /* Ruby.png */ = {isa = PBXFileReference; lastKnownFileType = image.png; path = Ruby.png; sourceTree = "<group>"; };
		F4D656A214C4BFD6003552F9 /* Shell.png */ = {isa = PBXFileReference; lastKnownFileType = image.png; path = Shell.png; sourceTree = "<group>"; };
		F4D656A314C4BFD6003552F9 /* Tcl.png */ = {isa = PBXFileReference; lastKnownFileType = image.png; path = Tcl.png; sourceTree = "<group>"; };
		F4D656A414C4BFD6003552F9 /* Tcsh.png */ = {isa = PBXFileReference; lastKnownFileType = image.png; path = Tcsh.png; sourceTree = "<group>"; };
		F4D656A514C4BFD6003552F9 /* Zsh.png */ = {isa = PBXFileReference; lastKnownFileType = image.png; path = Zsh.png; sourceTree = "<group>"; };
		F4D6DBC513C50F3E0067B136 /* NOTES.txt */ = {isa = PBXFileReference; fileEncoding = 4; lastKnownFileType = text; path = NOTES.txt; sourceTree = SOURCE_ROOT; };
		F4DC074711F629930043764E /* InstallCommandLineTool.sh */ = {isa = PBXFileReference; fileEncoding = 4; lastKnownFileType = text.script.sh; path = InstallCommandLineTool.sh; sourceTree = "<group>"; };
		F4DC074911F629930043764E /* UninstallCommandLineTool.sh */ = {isa = PBXFileReference; fileEncoding = 4; lastKnownFileType = text.script.sh; path = UninstallCommandLineTool.sh; sourceTree = "<group>"; };
		F4DC074F11F629A40043764E /* PlatypusDocumentation.html */ = {isa = PBXFileReference; fileEncoding = 4; lastKnownFileType = text.html.documentation; path = PlatypusDocumentation.html; sourceTree = "<group>"; };
		F4DC075011F629A40043764E /* Readme.html */ = {isa = PBXFileReference; fileEncoding = 4; lastKnownFileType = text.html.documentation; path = Readme.html; sourceTree = "<group>"; };
		F4E1F47C11F756D9007EE2E3 /* Security.framework */ = {isa = PBXFileReference; lastKnownFileType = wrapper.framework; name = Security.framework; path = /System/Library/Frameworks/Security.framework; sourceTree = "<absolute>"; };
		F4E1F6FC11F758FB007EE2E3 /* platypus_clt */ = {isa = PBXFileReference; explicitFileType = "compiled.mach-o.executable"; includeInIndex = 0; path = platypus_clt; sourceTree = BUILT_PRODUCTS_DIR; };
		F4ECE1A011F7746A000DB012 /* CHANGES.txt */ = {isa = PBXFileReference; fileEncoding = 4; lastKnownFileType = text; path = CHANGES.txt; sourceTree = SOURCE_ROOT; };
		F4ECE1A111F77471000DB012 /* TODO.txt */ = {isa = PBXFileReference; fileEncoding = 4; lastKnownFileType = text; path = TODO.txt; sourceTree = SOURCE_ROOT; };
		F4ED1E460CEC17920006636F /* Carbon.framework */ = {isa = PBXFileReference; lastKnownFileType = wrapper.framework; name = Carbon.framework; path = /System/Library/Frameworks/Carbon.framework; sourceTree = "<absolute>"; };
		F4FB337614FBDE2200BAECEB /* platypus.man.html */ = {isa = PBXFileReference; fileEncoding = 4; lastKnownFileType = text.html; name = platypus.man.html; path = CommandLineTool/platypus.man.html; sourceTree = "<group>"; };
		F4FB337814FBE04500BAECEB /* update_website_docs.sh */ = {isa = PBXFileReference; lastKnownFileType = text.script.sh; name = update_website_docs.sh; path = CommandLineTool/update_website_docs.sh; sourceTree = "<group>"; };
		F4FB338014FBFC7C00BAECEB /* License.html */ = {isa = PBXFileReference; fileEncoding = 4; lastKnownFileType = text.html.documentation; path = License.html; sourceTree = "<group>"; };
		F4FE734611F7925E005FC23A /* DropSettingsController.h */ = {isa = PBXFileReference; fileEncoding = 4; lastKnownFileType = sourcecode.c.h; lineEnding = 0; name = DropSettingsController.h; path = PlatypusApplication/DropSettingsController.h; sourceTree = "<group>"; xcLanguageSpecificationIdentifier = xcode.lang.objcpp; };
		F4FE734711F7925E005FC23A /* DropSettingsController.m */ = {isa = PBXFileReference; fileEncoding = 4; lastKnownFileType = sourcecode.c.objc; lineEnding = 0; name = DropSettingsController.m; path = PlatypusApplication/DropSettingsController.m; sourceTree = "<group>"; xcLanguageSpecificationIdentifier = xcode.lang.objc; };
		F4FE734811F7925E005FC23A /* IconController.h */ = {isa = PBXFileReference; fileEncoding = 4; lastKnownFileType = sourcecode.c.h; lineEnding = 0; name = IconController.h; path = PlatypusApplication/IconController.h; sourceTree = "<group>"; xcLanguageSpecificationIdentifier = xcode.lang.objcpp; };
		F4FE734911F7925E005FC23A /* IconController.m */ = {isa = PBXFileReference; fileEncoding = 4; lastKnownFileType = sourcecode.c.objc; lineEnding = 0; name = IconController.m; path = PlatypusApplication/IconController.m; sourceTree = "<group>"; xcLanguageSpecificationIdentifier = xcode.lang.objc; };
		F4FE734A11F7925E005FC23A /* ArgsController.h */ = {isa = PBXFileReference; fileEncoding = 4; lastKnownFileType = sourcecode.c.h; lineEnding = 0; name = ArgsController.h; path = PlatypusApplication/ArgsController.h; sourceTree = "<group>"; xcLanguageSpecificationIdentifier = xcode.lang.objcpp; };
		F4FE734B11F7925E005FC23A /* ArgsController.m */ = {isa = PBXFileReference; fileEncoding = 4; lastKnownFileType = sourcecode.c.objc; name = ArgsController.m; path = PlatypusApplication/ArgsController.m; sourceTree = "<group>"; };
		F4FE734C11F7925E005FC23A /* PlatypusController.h */ = {isa = PBXFileReference; fileEncoding = 4; lastKnownFileType = sourcecode.c.h; name = PlatypusController.h; path = PlatypusApplication/PlatypusController.h; sourceTree = "<group>"; };
		F4FE734D11F7925E005FC23A /* PlatypusController.m */ = {isa = PBXFileReference; fileEncoding = 4; lastKnownFileType = sourcecode.c.objc; name = PlatypusController.m; path = PlatypusApplication/PlatypusController.m; sourceTree = "<group>"; };
		F4FE734E11F7925E005FC23A /* PrefsController.h */ = {isa = PBXFileReference; fileEncoding = 4; lastKnownFileType = sourcecode.c.h; name = PrefsController.h; path = PlatypusApplication/PrefsController.h; sourceTree = "<group>"; };
		F4FE734F11F7925E005FC23A /* PrefsController.m */ = {isa = PBXFileReference; fileEncoding = 4; lastKnownFileType = sourcecode.c.objc; name = PrefsController.m; path = PlatypusApplication/PrefsController.m; sourceTree = "<group>"; };
		F4FE735011F7925E005FC23A /* ProfilesController.h */ = {isa = PBXFileReference; fileEncoding = 4; lastKnownFileType = sourcecode.c.h; name = ProfilesController.h; path = PlatypusApplication/ProfilesController.h; sourceTree = "<group>"; };
		F4FE735111F7925E005FC23A /* ProfilesController.m */ = {isa = PBXFileReference; fileEncoding = 4; lastKnownFileType = sourcecode.c.objc; name = ProfilesController.m; path = PlatypusApplication/ProfilesController.m; sourceTree = "<group>"; };
		F4FE735211F7925E005FC23A /* StatusItemSettingsController.h */ = {isa = PBXFileReference; fileEncoding = 4; lastKnownFileType = sourcecode.c.h; name = StatusItemSettingsController.h; path = PlatypusApplication/StatusItemSettingsController.h; sourceTree = "<group>"; };
		F4FE735311F7925E005FC23A /* StatusItemSettingsController.m */ = {isa = PBXFileReference; fileEncoding = 4; lastKnownFileType = sourcecode.c.objc; name = StatusItemSettingsController.m; path = PlatypusApplication/StatusItemSettingsController.m; sourceTree = "<group>"; };
		F4FE735411F7925E005FC23A /* BundledFilesController.h */ = {isa = PBXFileReference; fileEncoding = 4; lastKnownFileType = sourcecode.c.h; name = BundledFilesController.h; path = PlatypusApplication/BundledFilesController.h; sourceTree = "<group>"; };
		F4FE735511F7925E005FC23A /* BundledFilesController.m */ = {isa = PBXFileReference; fileEncoding = 4; lastKnownFileType = sourcecode.c.objc; name = BundledFilesController.m; path = PlatypusApplication/BundledFilesController.m; sourceTree = "<group>"; };
		F4FE735611F7925E005FC23A /* SuffixList.h */ = {isa = PBXFileReference; fileEncoding = 4; lastKnownFileType = sourcecode.c.h; name = SuffixList.h; path = PlatypusApplication/SuffixList.h; sourceTree = "<group>"; };
		F4FE735711F7925E005FC23A /* SuffixList.m */ = {isa = PBXFileReference; fileEncoding = 4; lastKnownFileType = sourcecode.c.objc; name = SuffixList.m; path = PlatypusApplication/SuffixList.m; sourceTree = "<group>"; };
		F4FE735811F7925E005FC23A /* TextSettingsController.h */ = {isa = PBXFileReference; fileEncoding = 4; lastKnownFileType = sourcecode.c.h; name = TextSettingsController.h; path = PlatypusApplication/TextSettingsController.h; sourceTree = "<group>"; };
		F4FE735911F7925E005FC23A /* TextSettingsController.m */ = {isa = PBXFileReference; fileEncoding = 4; lastKnownFileType = sourcecode.c.objc; name = TextSettingsController.m; path = PlatypusApplication/TextSettingsController.m; sourceTree = "<group>"; };
		F4FE737B11F7929E005FC23A /* UKFileWatcher.h */ = {isa = PBXFileReference; fileEncoding = 4; lastKnownFileType = sourcecode.c.h; path = UKFileWatcher.h; sourceTree = "<group>"; };
		F4FE737C11F7929E005FC23A /* UKFileWatcher.m */ = {isa = PBXFileReference; fileEncoding = 4; lastKnownFileType = sourcecode.c.objc; path = UKFileWatcher.m; sourceTree = "<group>"; };
		F4FE737D11F7929E005FC23A /* UKFNSubscribeFileWatcher.h */ = {isa = PBXFileReference; fileEncoding = 4; lastKnownFileType = sourcecode.c.h; path = UKFNSubscribeFileWatcher.h; sourceTree = "<group>"; };
		F4FE737E11F7929E005FC23A /* UKFNSubscribeFileWatcher.m */ = {isa = PBXFileReference; fileEncoding = 4; lastKnownFileType = sourcecode.c.objc; path = UKFNSubscribeFileWatcher.m; sourceTree = "<group>"; };
		F4FE737F11F7929E005FC23A /* UKKQueue.h */ = {isa = PBXFileReference; fileEncoding = 4; lastKnownFileType = sourcecode.c.h; path = UKKQueue.h; sourceTree = "<group>"; };
		F4FE738011F7929E005FC23A /* UKKQueue.m */ = {isa = PBXFileReference; fileEncoding = 4; lastKnownFileType = sourcecode.c.objc; path = UKKQueue.m; sourceTree = "<group>"; };
		F4FE738111F7929E005FC23A /* UKMainThreadProxy.h */ = {isa = PBXFileReference; fileEncoding = 4; lastKnownFileType = sourcecode.c.h; path = UKMainThreadProxy.h; sourceTree = "<group>"; };
		F4FE738211F7929E005FC23A /* UKMainThreadProxy.m */ = {isa = PBXFileReference; fileEncoding = 4; lastKnownFileType = sourcecode.c.objc; path = UKMainThreadProxy.m; sourceTree = "<group>"; };
		F4FE739611F792D5005FC23A /* PlatypusAppSpec.h */ = {isa = PBXFileReference; fileEncoding = 4; lastKnownFileType = sourcecode.c.h; name = PlatypusAppSpec.h; path = Shared/PlatypusAppSpec.h; sourceTree = "<group>"; };
		F4FE739711F792D5005FC23A /* PlatypusAppSpec.m */ = {isa = PBXFileReference; fileEncoding = 4; lastKnownFileType = sourcecode.c.objc; name = PlatypusAppSpec.m; path = Shared/PlatypusAppSpec.m; sourceTree = "<group>"; };
		F4FE747A11F79399005FC23A /* platypus_command_line_tool.m */ = {isa = PBXFileReference; fileEncoding = 4; lastKnownFileType = sourcecode.c.objc; name = platypus_command_line_tool.m; path = CommandLineTool/platypus_command_line_tool.m; sourceTree = "<group>"; };
		F4FE747E11F793BA005FC23A /* platypus.1 */ = {isa = PBXFileReference; fileEncoding = 4; lastKnownFileType = text.man; name = platypus.1; path = CommandLineTool/platypus.1; sourceTree = "<group>"; };
/* End PBXFileReference section */

/* Begin PBXFrameworksBuildPhase section */
		8D11072E0486CEB800E47090 /* Frameworks */ = {
			isa = PBXFrameworksBuildPhase;
			buildActionMask = 2147483647;
			files = (
				8D11072F0486CEB800E47090 /* Cocoa.framework in Frameworks */,
				F4ED1E470CEC17920006636F /* Carbon.framework in Frameworks */,
				F425CA6A1ACC42AC001217F4 /* Accelerate.framework in Frameworks */,
				F4E1F47D11F756D9007EE2E3 /* Security.framework in Frameworks */,
				F445EA7714FAB61900DCCDB3 /* Sparkle.framework in Frameworks */,
			);
			runOnlyForDeploymentPostprocessing = 0;
		};
		F48B773F11F7661C00351575 /* Frameworks */ = {
			isa = PBXFrameworksBuildPhase;
			buildActionMask = 2147483647;
			files = (
				F48B7B8111F7666600351575 /* Security.framework in Frameworks */,
				F48B7B8511F7667B00351575 /* Cocoa.framework in Frameworks */,
				F48B7BAB11F7675900351575 /* WebKit.framework in Frameworks */,
			);
			runOnlyForDeploymentPostprocessing = 0;
		};
		F4E1F6FA11F758FB007EE2E3 /* Frameworks */ = {
			isa = PBXFrameworksBuildPhase;
			buildActionMask = 2147483647;
			files = (
				F4E1F71111F75A7F007EE2E3 /* Cocoa.framework in Frameworks */,
			);
			runOnlyForDeploymentPostprocessing = 0;
		};
/* End PBXFrameworksBuildPhase section */

/* Begin PBXGroup section */
		080E96DDFE201D6D7F000001 /* Shared Classes */ = {
			isa = PBXGroup;
			children = (
				F4ECE17511F76CC2000DB012 /* PlatypusAppSpec */,
				F4B5DE431491A00900C43901 /* Utility */,
				F48A724D122E23B200964D71 /* ScriptAnalyser */,
				F4AF785E14D1E5F600544C1B /* STDragWebView */,
				F41306340FBD809A00A319B7 /* STPathTextField */,
				F44587170FC386B500CD0C02 /* STPrivilegedTask */,
				F44EFEFF12296F2C00CAC9C2 /* NSColor+HexTools */,
				F4FE738B11F792C3005FC23A /* IconFamily */,
			);
			name = "Shared Classes";
			sourceTree = "<group>";
		};
		19C28FACFE9D520D11CA2CBB /* Products */ = {
			isa = PBXGroup;
			children = (
				F48B774111F7661C00351575 /* ScriptExec.app */,
				F4E1F6FC11F758FB007EE2E3 /* platypus_clt */,
				8D1107320486CEB800E47090 /* Platypus.app */,
			);
			name = Products;
			sourceTree = "<group>";
		};
		29B97314FDCFA39411CA2CEA /* Platypus */ = {
			isa = PBXGroup;
			children = (
				F4DC074D11F629A40043764E /* Documentation */,
				F4A4338B0E04C962000523E7 /* Common.h */,
				F48B7CB611F76B0C00351575 /* Platypus Application */,
				F48B7B8811F766CA00351575 /* ScriptExec Binary */,
				F4E1F70711F75A40007EE2E3 /* Command Line Tool */,
				080E96DDFE201D6D7F000001 /* Shared Classes */,
				29B97323FDCFA39411CA2CEA /* Frameworks */,
				F445EA7C14FABE6500DCCDB3 /* Sparkle */,
				F46628A614F441DE0053C601 /* Deprecated */,
				19C28FACFE9D520D11CA2CBB /* Products */,
			);
			name = Platypus;
			sourceTree = "<group>";
		};
		29B97315FDCFA39411CA2CEA /* Auxiliary */ = {
			isa = PBXGroup;
			children = (
				F4FE737A11F7929E005FC23A /* UKKQueue */,
				F4E1F41011F7565C007EE2E3 /* PlatypusIconView */,
			);
			name = Auxiliary;
			sourceTree = "<group>";
		};
		29B97317FDCFA39411CA2CEA /* Resources */ = {
			isa = PBXGroup;
			children = (
				F4BABD75178A47E5003BA0FF /* platypus_clt */,
				F4BCAAEC178DEDC2004ADD86 /* ScriptExec */,
				F4185E5811FC57AB0027C8D7 /* Info.plist */,
				F445EA7A14FAB93300DCCDB3 /* dsa_pub.pem */,
				F4C8B455124C450C00397392 /* Platypus.xib */,
				F4C8B457124C450C00397392 /* Editor.xib */,
				F4C8B458124C450C00397392 /* ShellCommandWindow.xib */,
				F4C8B459124C450C00397392 /* SyntaxChecker.xib */,
				F46EF84E13C3F36900E4C0E4 /* Examples */,
				F4D6568C14C4BFD6003552F9 /* Images */,
				F4DC074611F629930043764E /* Scripts */,
				F4050E3305DAF44F00BE4CA5 /* Icons */,
			);
			name = Resources;
			sourceTree = "<group>";
		};
		29B97323FDCFA39411CA2CEA /* Frameworks */ = {
			isa = PBXGroup;
			children = (
				F425CA681ACC4273001217F4 /* Accelerate.framework */,
				F445EA7614FAB61900DCCDB3 /* Sparkle.framework */,
				F48B7BAA11F7675900351575 /* WebKit.framework */,
				F4E1F47C11F756D9007EE2E3 /* Security.framework */,
				F4ED1E460CEC17920006636F /* Carbon.framework */,
				1058C7A1FEA54F0111CA2CBB /* Cocoa.framework */,
			);
			name = Frameworks;
			sourceTree = "<group>";
		};
		F4050E3305DAF44F00BE4CA5 /* Icons */ = {
			isa = PBXGroup;
			children = (
				F44E007212298B7A00CAC9C2 /* Application */,
				F44E006712298B7200CAC9C2 /* Presets */,
				F44E007312298B8C00CAC9C2 /* Status Menu */,
			);
			path = Icons;
			sourceTree = "<group>";
		};
		F41306340FBD809A00A319B7 /* STPathTextField */ = {
			isa = PBXGroup;
			children = (
				F4871B291789D19F00DE54F3 /* STPathTextField.h */,
				F4871B2A1789D19F00DE54F3 /* STPathTextField.m */,
			);
			name = STPathTextField;
			sourceTree = "<group>";
		};
		F44587170FC386B500CD0C02 /* STPrivilegedTask */ = {
			isa = PBXGroup;
			children = (
				F4871B2C1789D1B400DE54F3 /* STPrivilegedTask.h */,
				F4871B2D1789D1B400DE54F3 /* STPrivilegedTask.m */,
			);
			name = STPrivilegedTask;
			sourceTree = "<group>";
		};
		F445EA7C14FABE6500DCCDB3 /* Sparkle */ = {
			isa = PBXGroup;
			children = (
				F445EA7D14FABE6500DCCDB3 /* dsa_priv.pem */,
				F445EA7E14FABE6500DCCDB3 /* dsa_pub.pem */,
				F445EA7F14FABE6500DCCDB3 /* generate_keys.rb */,
				F445EA8014FABE6500DCCDB3 /* PlatypusAppcast.xml */,
				F445EA8214FABE6500DCCDB3 /* sign_update.rb */,
				F445EA8314FABE6500DCCDB3 /* update_appcast.sh */,
			);
			path = Sparkle;
			sourceTree = "<group>";
		};
		F44E006712298B7200CAC9C2 /* Presets */ = {
			isa = PBXGroup;
			children = (
				F44E006812298B7200CAC9C2 /* PlatypusCube.icns */,
				F44E006912298B7200CAC9C2 /* PlatypusDefault.icns */,
				F44E006A12298B7200CAC9C2 /* PlatypusInstaller.icns */,
				F44E006B12298B7200CAC9C2 /* PlatypusMenu.icns */,
				F44E006C12298B7200CAC9C2 /* PlatypusPlate.icns */,
			);
			name = Presets;
			path = IconPresets;
			sourceTree = "<group>";
		};
		F44E007212298B7A00CAC9C2 /* Application */ = {
			isa = PBXGroup;
			children = (
				F471ED1D122DF096001F4761 /* PlatypusAppIcon.icns */,
				F4BDABD50FD9A7CC00328FDD /* PlatypusScriptFile.icns */,
				F4BDABD60FD9A7CC00328FDD /* PlatypusProfile.icns */,
			);
			name = Application;
			sourceTree = "<group>";
		};
		F44E007312298B8C00CAC9C2 /* Status Menu */ = {
			isa = PBXGroup;
			children = (
				F44E001C1229868100CAC9C2 /* PlatypusStatusMenuIcon.png */,
			);
			name = "Status Menu";
			sourceTree = "<group>";
		};
		F44EFEFF12296F2C00CAC9C2 /* NSColor+HexTools */ = {
			isa = PBXGroup;
			children = (
				F44EFF0412296F3700CAC9C2 /* NSColor+HexTools.h */,
				F44EFF0512296F3700CAC9C2 /* NSColor+HexTools.m */,
			);
			name = "NSColor+HexTools";
			sourceTree = "<group>";
		};
		F46628A614F441DE0053C601 /* Deprecated */ = {
			isa = PBXGroup;
			children = (
				F46628A714F441DE0053C601 /* AppBuildBoth.sh */,
				F46628A814F441DE0053C601 /* AppPackageBuildScript.sh */,
				F46628A914F441DE0053C601 /* AppSourceBuildScript.sh */,
				F46628AA14F441DE0053C601 /* trim.sh */,
			);
			path = Deprecated;
			sourceTree = "<group>";
		};
		F46C60141055AEFA00521A94 /* Interface Controllers */ = {
			isa = PBXGroup;
			children = (
				F4FE734C11F7925E005FC23A /* PlatypusController.h */,
				F4FE734D11F7925E005FC23A /* PlatypusController.m */,
				F4FE734A11F7925E005FC23A /* ArgsController.h */,
				F4FE734B11F7925E005FC23A /* ArgsController.m */,
				F4FE734611F7925E005FC23A /* DropSettingsController.h */,
				F4FE734711F7925E005FC23A /* DropSettingsController.m */,
				F4FE735811F7925E005FC23A /* TextSettingsController.h */,
				F4FE735911F7925E005FC23A /* TextSettingsController.m */,
				F4FE735211F7925E005FC23A /* StatusItemSettingsController.h */,
				F4FE735311F7925E005FC23A /* StatusItemSettingsController.m */,
				F4FE734811F7925E005FC23A /* IconController.h */,
				F4FE734911F7925E005FC23A /* IconController.m */,
				F40F755E13C266AE00197499 /* ShellCommandController.h */,
				F40F755F13C266AE00197499 /* ShellCommandController.m */,
				F482949E122C129400094A1B /* EditorController.h */,
				F482949F122C129400094A1B /* EditorController.m */,
				F48294A0122C129400094A1B /* SyntaxCheckerController.h */,
				F48294A1122C129400094A1B /* SyntaxCheckerController.m */,
				F4FE735011F7925E005FC23A /* ProfilesController.h */,
				F4FE735111F7925E005FC23A /* ProfilesController.m */,
				F4FE735411F7925E005FC23A /* BundledFilesController.h */,
				F4FE735511F7925E005FC23A /* BundledFilesController.m */,
				F4FE735611F7925E005FC23A /* SuffixList.h */,
				F4FE735711F7925E005FC23A /* SuffixList.m */,
				F4FE734E11F7925E005FC23A /* PrefsController.h */,
				F4FE734F11F7925E005FC23A /* PrefsController.m */,
			);
			name = "Interface Controllers";
			sourceTree = "<group>";
		};
		F48A724D122E23B200964D71 /* ScriptAnalyser */ = {
			isa = PBXGroup;
			children = (
				F48B1EDD17935BBC007DA173 /* ScriptAnalyser.h */,
				F48B1EDE17935BBC007DA173 /* ScriptAnalyser.m */,
			);
			name = ScriptAnalyser;
			sourceTree = "<group>";
		};
		F48B7B8811F766CA00351575 /* ScriptExec Binary */ = {
			isa = PBXGroup;
			children = (
				F48B7B9011F766E600351575 /* main.m */,
				F48B7B9111F766E600351575 /* ScriptExecController.h */,
				F48B7B9211F766E600351575 /* ScriptExecController.m */,
				F48B7C6711F768A000351575 /* Resources */,
			);
			name = "ScriptExec Binary";
			sourceTree = "<group>";
		};
		F48B7C6711F768A000351575 /* Resources */ = {
			isa = PBXGroup;
			children = (
				F48B7C7B11F7691600351575 /* Info.plist */,
				F4876F45141D4A3900A428CC /* MainMenu.xib */,
				F48B7B9F11F7672700351575 /* AppSettings.plist */,
				F48B7BA111F7672700351575 /* script */,
			);
			name = Resources;
			sourceTree = "<group>";
		};
		F48B7CB611F76B0C00351575 /* Platypus Application */ = {
			isa = PBXGroup;
			children = (
				29B97316FDCFA39411CA2CEA /* main.m */,
				F46C60141055AEFA00521A94 /* Interface Controllers */,
				29B97317FDCFA39411CA2CEA /* Resources */,
				29B97315FDCFA39411CA2CEA /* Auxiliary */,
			);
			name = "Platypus Application";
			sourceTree = "<group>";
		};
		F4AF785E14D1E5F600544C1B /* STDragWebView */ = {
			isa = PBXGroup;
			children = (
				F4AF785B14D1E5F200544C1B /* STDragWebView.h */,
				F4AF785C14D1E5F200544C1B /* STDragWebView.m */,
			);
			name = STDragWebView;
			sourceTree = "<group>";
		};
		F4B5DE431491A00900C43901 /* Utility */ = {
			isa = PBXGroup;
			children = (
				F4B5DE3F14919FF500C43901 /* PlatypusUtility.h */,
				F4B5DE4014919FF500C43901 /* PlatypusUtility.m */,
			);
			name = Utility;
			sourceTree = "<group>";
		};
		F4D6568C14C4BFD6003552F9 /* Images */ = {
			isa = PBXGroup;
			children = (
				F4D6568D14C4BFD6003552F9 /* Buttons */,
				F4D6569814C4BFD6003552F9 /* InterpreterIcons */,
			);
			path = Images;
			sourceTree = "<group>";
		};
		F4D6568D14C4BFD6003552F9 /* Buttons */ = {
			isa = PBXGroup;
			children = (
				F4D6568E14C4BFD6003552F9 /* Add.png */,
				F4D6568F14C4BFD6003552F9 /* Add_Pressed.png */,
				F4D6569014C4BFD6003552F9 /* Clear.png */,
				F4D6569114C4BFD6003552F9 /* Clear_Pressed.png */,
				F4D6569414C4BFD6003552F9 /* Remove.png */,
				F4D6569514C4BFD6003552F9 /* Remove_Pressed.png */,
			);
			path = Buttons;
			sourceTree = "<group>";
		};
		F4D6569814C4BFD6003552F9 /* InterpreterIcons */ = {
			isa = PBXGroup;
			children = (
				F4D6569914C4BFD6003552F9 /* AppleScript.png */,
				F4D6569A14C4BFD6003552F9 /* Bash.png */,
				F4D6569B14C4BFD6003552F9 /* Env.png */,
				F4D6569C14C4BFD6003552F9 /* Expect.png */,
				F4A36B9B14F2C8A70028A227 /* Csh.png */,
				F4A36B9C14F2C8A70028A227 /* Ksh.png */,
				F4D6569D14C4BFD6003552F9 /* Perl.png */,
				F4D6569F14C4BFD6003552F9 /* PHP.png */,
				F4D656A014C4BFD6003552F9 /* Python.png */,
				F4D656A114C4BFD6003552F9 /* Ruby.png */,
				F4D656A214C4BFD6003552F9 /* Shell.png */,
				F4D656A314C4BFD6003552F9 /* Tcl.png */,
				F4D656A414C4BFD6003552F9 /* Tcsh.png */,
				F4D656A514C4BFD6003552F9 /* Zsh.png */,
			);
			path = InterpreterIcons;
			sourceTree = "<group>";
		};
		F4DC074611F629930043764E /* Scripts */ = {
			isa = PBXGroup;
			children = (
				F4DC074711F629930043764E /* InstallCommandLineTool.sh */,
				F4DC074911F629930043764E /* UninstallCommandLineTool.sh */,
				F445EA9714FAEEBF00DCCDB3 /* UninstallPlatypus.sh */,
			);
			path = Scripts;
			sourceTree = "<group>";
		};
		F4DC074D11F629A40043764E /* Documentation */ = {
			isa = PBXGroup;
			children = (
				F471ED21122DF2D6001F4761 /* Credits.html */,
				F4DC074F11F629A40043764E /* PlatypusDocumentation.html */,
				F48002BA121AF042003FB5B3 /* images */,
				F4DC075011F629A40043764E /* Readme.html */,
				F4FB338014FBFC7C00BAECEB /* License.html */,
				F4ECE1A011F7746A000DB012 /* CHANGES.txt */,
				F4D6DBC513C50F3E0067B136 /* NOTES.txt */,
				F4ECE1A111F77471000DB012 /* TODO.txt */,
				F4871B32178A117600DE54F3 /* update_docs.sh */,
			);
			path = Documentation;
			sourceTree = "<group>";
		};
		F4E1F41011F7565C007EE2E3 /* PlatypusIconView */ = {
			isa = PBXGroup;
			children = (
				F480FF7A122B230A00CC51F6 /* PlatypusIconView.h */,
				F480FF7B122B230A00CC51F6 /* PlatypusIconView.m */,
			);
			name = PlatypusIconView;
			sourceTree = "<group>";
		};
		F4E1F70711F75A40007EE2E3 /* Command Line Tool */ = {
			isa = PBXGroup;
			children = (
				F4FE747A11F79399005FC23A /* platypus_command_line_tool.m */,
				F4FE747E11F793BA005FC23A /* platypus.1 */,
				F4462E3E14FBDA4D00E13563 /* make_man_html.sh */,
				F4462E3F14FBDA4D00E13563 /* make_man_pdf.sh */,
				F4FB337814FBE04500BAECEB /* update_website_docs.sh */,
				F4462E3C14FBDA4200E13563 /* cat2html */,
				F4FB337614FBDE2200BAECEB /* platypus.man.html */,
			);
			name = "Command Line Tool";
			sourceTree = "<group>";
		};
		F4ECE17511F76CC2000DB012 /* PlatypusAppSpec */ = {
			isa = PBXGroup;
			children = (
				F4FE739611F792D5005FC23A /* PlatypusAppSpec.h */,
				F4FE739711F792D5005FC23A /* PlatypusAppSpec.m */,
			);
			name = PlatypusAppSpec;
			sourceTree = "<group>";
		};
		F4FE737A11F7929E005FC23A /* UKKQueue */ = {
			isa = PBXGroup;
			children = (
				F4FE737B11F7929E005FC23A /* UKFileWatcher.h */,
				F4FE737C11F7929E005FC23A /* UKFileWatcher.m */,
				F4FE737D11F7929E005FC23A /* UKFNSubscribeFileWatcher.h */,
				F4FE737E11F7929E005FC23A /* UKFNSubscribeFileWatcher.m */,
				F4FE737F11F7929E005FC23A /* UKKQueue.h */,
				F4FE738011F7929E005FC23A /* UKKQueue.m */,
				F4FE738111F7929E005FC23A /* UKMainThreadProxy.h */,
				F4FE738211F7929E005FC23A /* UKMainThreadProxy.m */,
			);
			name = UKKQueue;
			path = PlatypusApplication/UKKQueue;
			sourceTree = "<group>";
		};
		F4FE738B11F792C3005FC23A /* IconFamily */ = {
			isa = PBXGroup;
			children = (
				F4538B271ABFEB14007E6ADF /* IconFamily.h */,
				F4538B281ABFEB14007E6ADF /* IconFamily.m */,
				F4538B291ABFEB14007E6ADF /* NSString+CarbonFSRefCreation.h */,
				F4538B2A1ABFEB14007E6ADF /* NSString+CarbonFSRefCreation.m */,
			);
			name = IconFamily;
			path = Shared/IconFamily;
			sourceTree = "<group>";
		};
/* End PBXGroup section */

/* Begin PBXNativeTarget section */
		8D1107260486CEB800E47090 /* Platypus */ = {
			isa = PBXNativeTarget;
			buildConfigurationList = F41B217D085CD8FF00B63B0D /* Build configuration list for PBXNativeTarget "Platypus" */;
			buildPhases = (
				8D1107290486CEB800E47090 /* Resources */,
				8D11072C0486CEB800E47090 /* Sources */,
				8D11072E0486CEB800E47090 /* Frameworks */,
				F445EA7814FAB63A00DCCDB3 /* CopyFiles */,
			);
			buildRules = (
			);
			dependencies = (
			);
			name = Platypus;
			productInstallPath = "$(HOME)/Applications";
			productName = Platypus;
			productReference = 8D1107320486CEB800E47090 /* Platypus.app */;
			productType = "com.apple.product-type.application";
		};
		F48B774011F7661C00351575 /* ScriptExec */ = {
			isa = PBXNativeTarget;
			buildConfigurationList = F48B774711F7661D00351575 /* Build configuration list for PBXNativeTarget "ScriptExec" */;
			buildPhases = (
				F48B773D11F7661C00351575 /* Resources */,
				F48B773E11F7661C00351575 /* Sources */,
				F48B773F11F7661C00351575 /* Frameworks */,
			);
			buildRules = (
			);
			dependencies = (
			);
			name = ScriptExec;
			productName = ScriptExec;
			productReference = F48B774111F7661C00351575 /* ScriptExec.app */;
			productType = "com.apple.product-type.application";
		};
		F4E1F6FB11F758FB007EE2E3 /* platypus */ = {
			isa = PBXNativeTarget;
			buildConfigurationList = F4E1F70611F75921007EE2E3 /* Build configuration list for PBXNativeTarget "platypus" */;
			buildPhases = (
				F4E1F6F911F758FB007EE2E3 /* Sources */,
				F4E1F6FA11F758FB007EE2E3 /* Frameworks */,
				F4FB337514FBDAD500BAECEB /* ShellScript */,
			);
			buildRules = (
			);
			dependencies = (
			);
			name = platypus;
			productName = platypus;
			productReference = F4E1F6FC11F758FB007EE2E3 /* platypus_clt */;
			productType = "com.apple.product-type.tool";
		};
/* End PBXNativeTarget section */

/* Begin PBXProject section */
		29B97313FDCFA39411CA2CEA /* Project object */ = {
			isa = PBXProject;
			attributes = {
				LastUpgradeCheck = 0600;
				ORGANIZATIONNAME = "Sveinbjorn Thordarson";
			};
			buildConfigurationList = F41B2181085CD8FF00B63B0D /* Build configuration list for PBXProject "Platypus" */;
			compatibilityVersion = "Xcode 3.2";
			developmentRegion = English;
			hasScannedForEncodings = 1;
			knownRegions = (
				English,
				Japanese,
				French,
				German,
			);
			mainGroup = 29B97314FDCFA39411CA2CEA /* Platypus */;
			projectDirPath = "";
			projectRoot = "";
			targets = (
				F48B774011F7661C00351575 /* ScriptExec */,
				F4E1F6FB11F758FB007EE2E3 /* platypus */,
				8D1107260486CEB800E47090 /* Platypus */,
			);
		};
/* End PBXProject section */

/* Begin PBXResourcesBuildPhase section */
		8D1107290486CEB800E47090 /* Resources */ = {
			isa = PBXResourcesBuildPhase;
			buildActionMask = 2147483647;
			files = (
				F4BDABD70FD9A7CC00328FDD /* PlatypusScriptFile.icns in Resources */,
				F4BDABD80FD9A7CC00328FDD /* PlatypusProfile.icns in Resources */,
				F4DC074A11F629930043764E /* InstallCommandLineTool.sh in Resources */,
				F4DC074C11F629930043764E /* UninstallCommandLineTool.sh in Resources */,
				F4DC075211F629A40043764E /* PlatypusDocumentation.html in Resources */,
				F4DC075311F629A40043764E /* Readme.html in Resources */,
				F4C755C611F9AF8F006FB713 /* platypus.1 in Resources */,
				F48002CB121AF042003FB5B3 /* images in Resources */,
				F44E001D1229868100CAC9C2 /* PlatypusStatusMenuIcon.png in Resources */,
				F44E006D12298B7200CAC9C2 /* PlatypusCube.icns in Resources */,
				F44E006E12298B7200CAC9C2 /* PlatypusDefault.icns in Resources */,
				F44E006F12298B7200CAC9C2 /* PlatypusInstaller.icns in Resources */,
				F44E007012298B7200CAC9C2 /* PlatypusMenu.icns in Resources */,
				F44E007112298B7200CAC9C2 /* PlatypusPlate.icns in Resources */,
				F471ED1E122DF096001F4761 /* PlatypusAppIcon.icns in Resources */,
				F471ED22122DF2D6001F4761 /* Credits.html in Resources */,
				F4C8B45A124C450C00397392 /* Platypus.xib in Resources */,
				F4C8B45C124C450C00397392 /* Editor.xib in Resources */,
				F4C8B45D124C450C00397392 /* ShellCommandWindow.xib in Resources */,
				F4C8B45E124C450C00397392 /* SyntaxChecker.xib in Resources */,
				F46EF85113C3F36900E4C0E4 /* Examples in Resources */,
				F4876F47141D4A3900A428CC /* MainMenu.xib in Resources */,
				F4D656A614C4BFD6003552F9 /* Add.png in Resources */,
				F4D656A714C4BFD6003552F9 /* Add_Pressed.png in Resources */,
				F4D656A814C4BFD6003552F9 /* Clear.png in Resources */,
				F4D656A914C4BFD6003552F9 /* Clear_Pressed.png in Resources */,
				F4D656AC14C4BFD6003552F9 /* Remove.png in Resources */,
				F4D656AD14C4BFD6003552F9 /* Remove_Pressed.png in Resources */,
				F4D656B014C4BFD6003552F9 /* AppleScript.png in Resources */,
				F4D656B114C4BFD6003552F9 /* Bash.png in Resources */,
				F4D656B214C4BFD6003552F9 /* Env.png in Resources */,
				F4D656B314C4BFD6003552F9 /* Expect.png in Resources */,
				F4D656B414C4BFD6003552F9 /* Perl.png in Resources */,
				F4D656B614C4BFD6003552F9 /* PHP.png in Resources */,
				F4D656B714C4BFD6003552F9 /* Python.png in Resources */,
				F4D656B814C4BFD6003552F9 /* Ruby.png in Resources */,
				F4D656B914C4BFD6003552F9 /* Shell.png in Resources */,
				F4D656BA14C4BFD6003552F9 /* Tcl.png in Resources */,
				F4D656BB14C4BFD6003552F9 /* Tcsh.png in Resources */,
				F4D656BC14C4BFD6003552F9 /* Zsh.png in Resources */,
				F4A36B9D14F2C8A70028A227 /* Csh.png in Resources */,
				F4A36B9E14F2C8A70028A227 /* Ksh.png in Resources */,
				F445EA7B14FAB93300DCCDB3 /* dsa_pub.pem in Resources */,
				F445EA9814FAEEBF00DCCDB3 /* UninstallPlatypus.sh in Resources */,
				F4FB337714FBDE2200BAECEB /* platypus.man.html in Resources */,
				F4FB338114FBFC7C00BAECEB /* License.html in Resources */,
				F4BABD76178A47E5003BA0FF /* platypus_clt in Resources */,
				F4BCAAED178DEDC2004ADD86 /* ScriptExec in Resources */,
			);
			runOnlyForDeploymentPostprocessing = 0;
		};
		F48B773D11F7661C00351575 /* Resources */ = {
			isa = PBXResourcesBuildPhase;
			buildActionMask = 2147483647;
			files = (
				F48B7BA211F7672700351575 /* AppSettings.plist in Resources */,
				F48B7BA411F7672700351575 /* script in Resources */,
				F4876F46141D4A3900A428CC /* MainMenu.xib in Resources */,
			);
			runOnlyForDeploymentPostprocessing = 0;
		};
/* End PBXResourcesBuildPhase section */

/* Begin PBXShellScriptBuildPhase section */
		F4FB337514FBDAD500BAECEB /* ShellScript */ = {
			isa = PBXShellScriptBuildPhase;
			buildActionMask = 2147483647;
			files = (
			);
			inputPaths = (
				"$(SRCROOT)/CommandLineTool/platypus.1",
			);
			outputPaths = (
			);
			runOnlyForDeploymentPostprocessing = 0;
			shellPath = /bin/sh;
			shellScript = "# Create HTML document from man page\n/usr/bin/man CommandLineTool/platypus.1 | CommandLineTool/cat2html > CommandLineTool/platypus.man.html\n";
		};
/* End PBXShellScriptBuildPhase section */

/* Begin PBXSourcesBuildPhase section */
		8D11072C0486CEB800E47090 /* Sources */ = {
			isa = PBXSourcesBuildPhase;
			buildActionMask = 2147483647;
			files = (
				8D11072D0486CEB800E47090 /* main.m in Sources */,
				F4FE735F11F7925E005FC23A /* DropSettingsController.m in Sources */,
				F4FE736111F7925E005FC23A /* IconController.m in Sources */,
				F4FE736311F7925E005FC23A /* ArgsController.m in Sources */,
				F4FE736511F7925E005FC23A /* PlatypusController.m in Sources */,
				F4FE736711F7925E005FC23A /* PrefsController.m in Sources */,
				F4538B2C1ABFEB14007E6ADF /* NSString+CarbonFSRefCreation.m in Sources */,
				F4FE736911F7925E005FC23A /* ProfilesController.m in Sources */,
				F4FE736B11F7925E005FC23A /* StatusItemSettingsController.m in Sources */,
				F4FE736D11F7925E005FC23A /* BundledFilesController.m in Sources */,
				F4FE736F11F7925E005FC23A /* SuffixList.m in Sources */,
				F4FE737111F7925E005FC23A /* TextSettingsController.m in Sources */,
				F4FE738411F7929E005FC23A /* UKFileWatcher.m in Sources */,
				F4FE738611F7929E005FC23A /* UKFNSubscribeFileWatcher.m in Sources */,
				F4FE738811F7929E005FC23A /* UKKQueue.m in Sources */,
				F4FE738A11F7929E005FC23A /* UKMainThreadProxy.m in Sources */,
				F4FE739911F792D5005FC23A /* PlatypusAppSpec.m in Sources */,
				F44EFF36122971BE00CAC9C2 /* NSColor+HexTools.m in Sources */,
				F480FF7C122B230A00CC51F6 /* PlatypusIconView.m in Sources */,
				F48294A2122C129400094A1B /* EditorController.m in Sources */,
				F48294A3122C129400094A1B /* SyntaxCheckerController.m in Sources */,
				F40F756013C266AE00197499 /* ShellCommandController.m in Sources */,
				F4B5DE4214919FF500C43901 /* PlatypusUtility.m in Sources */,
				F4538B2B1ABFEB14007E6ADF /* IconFamily.m in Sources */,
				F4871B2B1789D19F00DE54F3 /* STPathTextField.m in Sources */,
				F4871B2F1789D1B400DE54F3 /* STPrivilegedTask.m in Sources */,
				F48B1EE017935BBC007DA173 /* ScriptAnalyser.m in Sources */,
			);
			runOnlyForDeploymentPostprocessing = 0;
		};
		F48B773E11F7661C00351575 /* Sources */ = {
			isa = PBXSourcesBuildPhase;
			buildActionMask = 2147483647;
			files = (
				F48B7B9511F766E600351575 /* main.m in Sources */,
				F48B7B9611F766E600351575 /* ScriptExecController.m in Sources */,
				F44EFF0612296F3700CAC9C2 /* NSColor+HexTools.m in Sources */,
				F4AF785D14D1E5F200544C1B /* STDragWebView.m in Sources */,
				F4871B2E1789D1B400DE54F3 /* STPrivilegedTask.m in Sources */,
			);
			runOnlyForDeploymentPostprocessing = 0;
		};
		F4E1F6F911F758FB007EE2E3 /* Sources */ = {
			isa = PBXSourcesBuildPhase;
			buildActionMask = 2147483647;
			files = (
				F4FE739A11F792D5005FC23A /* PlatypusAppSpec.m in Sources */,
				F48B1EDC17935AF6007DA173 /* PlatypusUtility.m in Sources */,
				F4FE747B11F79399005FC23A /* platypus_command_line_tool.m in Sources */,
				F48B1EDF17935BBC007DA173 /* ScriptAnalyser.m in Sources */,
			);
			runOnlyForDeploymentPostprocessing = 0;
		};
/* End PBXSourcesBuildPhase section */

/* Begin XCBuildConfiguration section */
		F41B217E085CD8FF00B63B0D /* Development */ = {
			isa = XCBuildConfiguration;
			buildSettings = {
				COMBINE_HIDPI_IMAGES = YES;
				COPY_PHASE_STRIP = NO;
				FRAMEWORK_SEARCH_PATHS = (
					"$(inherited)",
					"\"$(SRCROOT)/Shared/Frameworks\"",
				);
				GCC_DYNAMIC_NO_PIC = NO;
				GCC_ENABLE_OBJC_EXCEPTIONS = YES;
				GCC_ENABLE_TRIGRAPHS = NO;
				GCC_GENERATE_DEBUGGING_SYMBOLS = YES;
				GCC_OPTIMIZATION_LEVEL = 0;
				GCC_PRECOMPILE_PREFIX_HEADER = NO;
				GCC_PREFIX_HEADER = "";
				GCC_WARN_ABOUT_MISSING_PROTOTYPES = YES;
				GCC_WARN_FOUR_CHARACTER_CONSTANTS = NO;
				GCC_WARN_UNKNOWN_PRAGMAS = YES;
				GENERATE_PKGINFO_FILE = NO;
				HEADER_SEARCH_PATHS = "";
				INFOPLIST_FILE = PlatypusApplication/Info.plist;
				INSTALL_PATH = /;
				MACOSX_DEPLOYMENT_TARGET = 10.6;
				ONLY_ACTIVE_ARCH = YES;
				OTHER_CFLAGS = "";
				OTHER_LDFLAGS = "";
				PRODUCT_NAME = Platypus;
				SCAN_ALL_SOURCE_FILES_FOR_INCLUDES = YES;
				SECTORDER_FLAGS = "";
				VALIDATE_PRODUCT = NO;
				WARNING_CFLAGS = "";
				WRAPPER_EXTENSION = app;
			};
			name = Development;
		};
		F41B217F085CD8FF00B63B0D /* Deployment */ = {
			isa = XCBuildConfiguration;
			buildSettings = {
				ALWAYS_SEARCH_USER_PATHS = YES;
				COMBINE_HIDPI_IMAGES = YES;
				COPY_PHASE_STRIP = YES;
				FRAMEWORK_SEARCH_PATHS = (
					"$(inherited)",
					"\"$(SRCROOT)/Shared/Frameworks\"",
				);
				GCC_DYNAMIC_NO_PIC = YES;
				GCC_ENABLE_CPP_EXCEPTIONS = NO;
				GCC_ENABLE_CPP_RTTI = NO;
				GCC_ENABLE_OBJC_EXCEPTIONS = YES;
				GCC_ENABLE_TRIGRAPHS = NO;
				GCC_GENERATE_DEBUGGING_SYMBOLS = NO;
				GCC_OPTIMIZATION_LEVEL = s;
				GCC_PRECOMPILE_PREFIX_HEADER = NO;
				GCC_PREFIX_HEADER = "";
				GCC_THREADSAFE_STATICS = YES;
				GCC_WARN_ABOUT_MISSING_PROTOTYPES = YES;
				GCC_WARN_FOUR_CHARACTER_CONSTANTS = NO;
				GCC_WARN_UNKNOWN_PRAGMAS = YES;
				GENERATE_PKGINFO_FILE = NO;
				HEADER_SEARCH_PATHS = "";
				INFOPLIST_FILE = PlatypusApplication/Info.plist;
				INSTALL_PATH = /;
				MACOSX_DEPLOYMENT_TARGET = 10.6;
				OTHER_CFLAGS = "";
				OTHER_LDFLAGS = "";
				PRODUCT_NAME = Platypus;
				SCAN_ALL_SOURCE_FILES_FOR_INCLUDES = YES;
				SECTORDER_FLAGS = "";
				STRINGS_FILE_OUTPUT_ENCODING = binary;
				STRIP_INSTALLED_PRODUCT = YES;
				VALIDATE_PRODUCT = YES;
				WARNING_CFLAGS = "";
				WRAPPER_EXTENSION = app;
			};
			name = Deployment;
		};
		F41B2180085CD8FF00B63B0D /* Default */ = {
			isa = XCBuildConfiguration;
			buildSettings = {
				COMBINE_HIDPI_IMAGES = YES;
				FRAMEWORK_SEARCH_PATHS = (
					"$(inherited)",
					"\"$(SRCROOT)/Shared/Frameworks\"",
				);
				GCC_ENABLE_OBJC_EXCEPTIONS = YES;
				GCC_ENABLE_TRIGRAPHS = NO;
				GCC_GENERATE_DEBUGGING_SYMBOLS = NO;
				GCC_PRECOMPILE_PREFIX_HEADER = NO;
				GCC_PREFIX_HEADER = "";
				GCC_WARN_ABOUT_MISSING_PROTOTYPES = NO;
				GCC_WARN_FOUR_CHARACTER_CONSTANTS = NO;
				GCC_WARN_UNKNOWN_PRAGMAS = YES;
				HEADER_SEARCH_PATHS = "";
				INFOPLIST_FILE = Info.plist;
				INSTALL_PATH = /;
				OTHER_CFLAGS = "";
				OTHER_LDFLAGS = "";
				PRODUCT_NAME = Platypus;
				SCAN_ALL_SOURCE_FILES_FOR_INCLUDES = YES;
				SECTORDER_FLAGS = "";
				VALIDATE_PRODUCT = NO;
				WARNING_CFLAGS = "";
				WRAPPER_EXTENSION = app;
			};
			name = Default;
		};
		F41B2182085CD8FF00B63B0D /* Development */ = {
			isa = XCBuildConfiguration;
			buildSettings = {
				DEAD_CODE_STRIPPING = YES;
				DEBUG_INFORMATION_FORMAT = "dwarf-with-dsym";
				GCC_CW_ASM_SYNTAX = NO;
				GCC_ENABLE_CPP_EXCEPTIONS = NO;
				GCC_ENABLE_CPP_RTTI = NO;
				GCC_ENABLE_OBJC_EXCEPTIONS = YES;
				GCC_ENABLE_PASCAL_STRINGS = YES;
				GCC_GENERATE_DEBUGGING_SYMBOLS = YES;
				GCC_PREPROCESSOR_DEFINITIONS = "DEBUG=1";
				GCC_STRICT_ALIASING = NO;
				GCC_TREAT_IMPLICIT_FUNCTION_DECLARATIONS_AS_ERRORS = NO;
				GCC_WARN_ABOUT_MISSING_PROTOTYPES = YES;
				GCC_WARN_ABOUT_RETURN_TYPE = YES;
				GCC_WARN_UNINITIALIZED_AUTOS = YES;
				GCC_WARN_UNUSED_FUNCTION = YES;
				GCC_WARN_UNUSED_VARIABLE = YES;
				IBC_FLATTEN_NIBS = NO;
				INFOPLIST_EXPAND_BUILD_SETTINGS = NO;
				INFOPLIST_OUTPUT_FORMAT = xml;
				MACOSX_DEPLOYMENT_TARGET = 10.6;
				ONLY_ACTIVE_ARCH = YES;
				PLIST_FILE_OUTPUT_FORMAT = XML;
				SCAN_ALL_SOURCE_FILES_FOR_INCLUDES = YES;
				SDKROOT = macosx;
				STRINGS_FILE_OUTPUT_ENCODING = "UTF-8";
				SYMROOT = "";
				VALID_ARCHS = "i386 x86_64";
			};
			name = Development;
		};
		F41B2183085CD8FF00B63B0D /* Deployment */ = {
			isa = XCBuildConfiguration;
			buildSettings = {
				BUILD_VARIANTS = normal;
				DEAD_CODE_STRIPPING = YES;
				DEBUG_INFORMATION_FORMAT = "dwarf-with-dsym";
				GCC_CW_ASM_SYNTAX = NO;
				GCC_ENABLE_CPP_EXCEPTIONS = NO;
				GCC_ENABLE_CPP_RTTI = NO;
				GCC_ENABLE_OBJC_EXCEPTIONS = YES;
				GCC_ENABLE_PASCAL_STRINGS = YES;
				GCC_GENERATE_DEBUGGING_SYMBOLS = NO;
				GCC_PREPROCESSOR_DEFINITIONS = "DEBUG=0";
				GCC_STRICT_ALIASING = NO;
				GCC_TREAT_IMPLICIT_FUNCTION_DECLARATIONS_AS_ERRORS = NO;
				GCC_WARN_ABOUT_MISSING_PROTOTYPES = YES;
				GCC_WARN_ABOUT_RETURN_TYPE = YES;
				GCC_WARN_UNINITIALIZED_AUTOS = YES;
				GCC_WARN_UNUSED_FUNCTION = YES;
				GCC_WARN_UNUSED_VALUE = YES;
				GCC_WARN_UNUSED_VARIABLE = YES;
				IBC_FLATTEN_NIBS = YES;
				INFOPLIST_EXPAND_BUILD_SETTINGS = NO;
				INFOPLIST_OUTPUT_FORMAT = binary;
				LINKER_DISPLAYS_MANGLED_NAMES = NO;
				MACOSX_DEPLOYMENT_TARGET = 10.6;
				ONLY_ACTIVE_ARCH = NO;
				PLIST_FILE_OUTPUT_FORMAT = binary;
				SCAN_ALL_SOURCE_FILES_FOR_INCLUDES = YES;
				SDKROOT = macosx;
				STRINGS_FILE_OUTPUT_ENCODING = binary;
				SYMROOT = "";
				VALID_ARCHS = "i386 x86_64";
			};
			name = Deployment;
		};
		F41B2184085CD8FF00B63B0D /* Default */ = {
			isa = XCBuildConfiguration;
			buildSettings = {
				DEAD_CODE_STRIPPING = YES;
				DEBUG_INFORMATION_FORMAT = "dwarf-with-dsym";
				GCC_CW_ASM_SYNTAX = NO;
				GCC_ENABLE_CPP_EXCEPTIONS = NO;
				GCC_ENABLE_CPP_RTTI = NO;
				GCC_ENABLE_OBJC_EXCEPTIONS = YES;
				GCC_ENABLE_PASCAL_STRINGS = YES;
				GCC_GENERATE_DEBUGGING_SYMBOLS = NO;
				GCC_PREPROCESSOR_DEFINITIONS = "DEBUG=1";
				GCC_STRICT_ALIASING = NO;
				GCC_TREAT_IMPLICIT_FUNCTION_DECLARATIONS_AS_ERRORS = NO;
				GCC_WARN_ABOUT_MISSING_PROTOTYPES = YES;
				GCC_WARN_ABOUT_RETURN_TYPE = YES;
				GCC_WARN_UNINITIALIZED_AUTOS = YES;
				GCC_WARN_UNUSED_FUNCTION = YES;
				GCC_WARN_UNUSED_VARIABLE = YES;
				IBC_FLATTEN_NIBS = YES;
				INFOPLIST_EXPAND_BUILD_SETTINGS = NO;
				INFOPLIST_OUTPUT_FORMAT = binary;
				MACOSX_DEPLOYMENT_TARGET = 10.6;
				ONLY_ACTIVE_ARCH = NO;
				PLIST_FILE_OUTPUT_FORMAT = binary;
				SCAN_ALL_SOURCE_FILES_FOR_INCLUDES = YES;
				SDKROOT = macosx;
				STRINGS_FILE_OUTPUT_ENCODING = binary;
				SYMROOT = "";
			};
			name = Default;
		};
		F48B774411F7661D00351575 /* Development */ = {
			isa = XCBuildConfiguration;
			buildSettings = {
				ALWAYS_SEARCH_USER_PATHS = YES;
				COMBINE_HIDPI_IMAGES = YES;
				COPY_PHASE_STRIP = NO;
				DEBUG_INFORMATION_FORMAT = "dwarf-with-dsym";
				GCC_DYNAMIC_NO_PIC = NO;
				GCC_ENABLE_PASCAL_STRINGS = YES;
				GCC_GENERATE_DEBUGGING_SYMBOLS = YES;
				GCC_OPTIMIZATION_LEVEL = 0;
				GCC_PRECOMPILE_PREFIX_HEADER = YES;
				GCC_PREFIX_HEADER = "$(SYSTEM_LIBRARY_DIR)/Frameworks/AppKit.framework/Headers/AppKit.h";
				GENERATE_PKGINFO_FILE = NO;
				IBC_FLATTEN_NIBS = NO;
				INFOPLIST_FILE = ScriptExec/Info.plist;
				INFOPLIST_OUTPUT_FORMAT = xml;
				INSTALL_PATH = /;
				ONLY_ACTIVE_ARCH = YES;
				PLIST_FILE_OUTPUT_FORMAT = xml;
				PRODUCT_NAME = ScriptExec;
			};
			name = Development;
		};
		F48B774511F7661D00351575 /* Deployment */ = {
			isa = XCBuildConfiguration;
			buildSettings = {
				ALWAYS_SEARCH_USER_PATHS = YES;
				COMBINE_HIDPI_IMAGES = YES;
				COPY_PHASE_STRIP = YES;
				DEBUG_INFORMATION_FORMAT = "dwarf-with-dsym";
				GCC_DYNAMIC_NO_PIC = YES;
				GCC_ENABLE_PASCAL_STRINGS = YES;
				GCC_PRECOMPILE_PREFIX_HEADER = YES;
				GCC_PREFIX_HEADER = "$(SYSTEM_LIBRARY_DIR)/Frameworks/AppKit.framework/Headers/AppKit.h";
				GCC_UNROLL_LOOPS = NO;
				GENERATE_PKGINFO_FILE = NO;
				IBC_FLATTEN_NIBS = NO;
				INFOPLIST_FILE = ScriptExec/Info.plist;
				INFOPLIST_OUTPUT_FORMAT = binary;
				INSTALL_PATH = /;
				PLIST_FILE_OUTPUT_FORMAT = xml;
				PRODUCT_NAME = ScriptExec;
				STRIP_INSTALLED_PRODUCT = YES;
			};
			name = Deployment;
		};
		F48B774611F7661D00351575 /* Default */ = {
			isa = XCBuildConfiguration;
			buildSettings = {
				ALWAYS_SEARCH_USER_PATHS = YES;
				COMBINE_HIDPI_IMAGES = YES;
				DEBUG_INFORMATION_FORMAT = "dwarf-with-dsym";
				GCC_ENABLE_PASCAL_STRINGS = YES;
				GCC_PRECOMPILE_PREFIX_HEADER = YES;
				GCC_PREFIX_HEADER = "$(SYSTEM_LIBRARY_DIR)/Frameworks/AppKit.framework/Headers/AppKit.h";
				GENERATE_PKGINFO_FILE = NO;
				IBC_FLATTEN_NIBS = NO;
				INFOPLIST_FILE = ScriptExec/Info.plist;
				INSTALL_PATH = /;
				PRODUCT_NAME = ScriptExec;
			};
			name = Default;
		};
		F4E1F6FE11F758FC007EE2E3 /* Development */ = {
			isa = XCBuildConfiguration;
			buildSettings = {
				ALWAYS_SEARCH_USER_PATHS = YES;
				COPY_PHASE_STRIP = NO;
				GCC_DYNAMIC_NO_PIC = NO;
				GCC_GENERATE_DEBUGGING_SYMBOLS = YES;
				GCC_OPTIMIZATION_LEVEL = 0;
				GCC_PRECOMPILE_PREFIX_HEADER = NO;
				INSTALL_PATH = /;
				MACH_O_TYPE = mh_execute;
				ONLY_ACTIVE_ARCH = YES;
				OTHER_LDFLAGS = "";
				PRODUCT_NAME = platypus_clt;
				VALID_ARCHS = "i386 x86_64";
			};
			name = Development;
		};
		F4E1F6FF11F758FC007EE2E3 /* Deployment */ = {
			isa = XCBuildConfiguration;
			buildSettings = {
				ALWAYS_SEARCH_USER_PATHS = YES;
				COPY_PHASE_STRIP = YES;
				DEBUG_INFORMATION_FORMAT = "dwarf-with-dsym";
				GCC_DYNAMIC_NO_PIC = YES;
				GCC_PRECOMPILE_PREFIX_HEADER = NO;
				INSTALL_PATH = /;
				MACH_O_TYPE = mh_execute;
				OTHER_LDFLAGS = "";
				PRODUCT_NAME = platypus_clt;
				STRIP_INSTALLED_PRODUCT = YES;
				VALID_ARCHS = "i386 x86_64";
			};
			name = Deployment;
		};
		F4E1F70011F758FC007EE2E3 /* Default */ = {
			isa = XCBuildConfiguration;
			buildSettings = {
				ALWAYS_SEARCH_USER_PATHS = YES;
				GCC_PRECOMPILE_PREFIX_HEADER = NO;
				INSTALL_PATH = /;
				MACH_O_TYPE = mh_execute;
				OTHER_LDFLAGS = "";
				PRODUCT_NAME = platypus_clt;
				VALID_ARCHS = "i386 x86_64";
			};
			name = Default;
		};
/* End XCBuildConfiguration section */

/* Begin XCConfigurationList section */
		F41B217D085CD8FF00B63B0D /* Build configuration list for PBXNativeTarget "Platypus" */ = {
			isa = XCConfigurationList;
			buildConfigurations = (
				F41B217E085CD8FF00B63B0D /* Development */,
				F41B217F085CD8FF00B63B0D /* Deployment */,
				F41B2180085CD8FF00B63B0D /* Default */,
			);
			defaultConfigurationIsVisible = 0;
			defaultConfigurationName = Default;
		};
		F41B2181085CD8FF00B63B0D /* Build configuration list for PBXProject "Platypus" */ = {
			isa = XCConfigurationList;
			buildConfigurations = (
				F41B2182085CD8FF00B63B0D /* Development */,
				F41B2183085CD8FF00B63B0D /* Deployment */,
				F41B2184085CD8FF00B63B0D /* Default */,
			);
			defaultConfigurationIsVisible = 0;
			defaultConfigurationName = Default;
		};
		F48B774711F7661D00351575 /* Build configuration list for PBXNativeTarget "ScriptExec" */ = {
			isa = XCConfigurationList;
			buildConfigurations = (
				F48B774411F7661D00351575 /* Development */,
				F48B774511F7661D00351575 /* Deployment */,
				F48B774611F7661D00351575 /* Default */,
			);
			defaultConfigurationIsVisible = 0;
			defaultConfigurationName = Default;
		};
		F4E1F70611F75921007EE2E3 /* Build configuration list for PBXNativeTarget "platypus" */ = {
			isa = XCConfigurationList;
			buildConfigurations = (
				F4E1F6FE11F758FC007EE2E3 /* Development */,
				F4E1F6FF11F758FC007EE2E3 /* Deployment */,
				F4E1F70011F758FC007EE2E3 /* Default */,
			);
			defaultConfigurationIsVisible = 0;
			defaultConfigurationName = Default;
		};
/* End XCConfigurationList section */
	};
	rootObject = 29B97313FDCFA39411CA2CEA /* Project object */;
}
